// !$*UTF8*$!
{
	archiveVersion = 1;
	classes = {
	};
	objectVersion = 77;
	objects = {

/* Begin PBXBuildFile section */
		0088C19DE085223382B93D22 /* FailedImportSheet.swift in Sources */ = {isa = PBXBuildFile; fileRef = E773EEC85D6B10B47798F46E /* FailedImportSheet.swift */; };
		02B81E38806DC747131FD239 /* RecipeEditorView.swift in Sources */ = {isa = PBXBuildFile; fileRef = BE210DBCF0B5E6E0CEF88ED8 /* RecipeEditorView.swift */; };
		04F10BBF44F7962FD24A6ADD /* CookingViewModel.swift in Sources */ = {isa = PBXBuildFile; fileRef = 659DEB801C4C5EC75C6F09EC /* CookingViewModel.swift */; };
		07837976312AE1544048FF60 /* LibraryHomeView.swift in Sources */ = {isa = PBXBuildFile; fileRef = 5D8E6A8158C708810CBB4AD3 /* LibraryHomeView.swift */; };
		0C08C50CC1819995B222FA03 /* RecipeSyncService.swift in Sources */ = {isa = PBXBuildFile; fileRef = E3E83CF891E137AB8EEEC5D5 /* RecipeSyncService.swift */; };
		0C9B0253845FDF91196C8DC3 /* ShareConfirmationViewTests.swift in Sources */ = {isa = PBXBuildFile; fileRef = F2DDA4DA24D19A4B049A9968 /* ShareConfirmationViewTests.swift */; };
		0DC711210058792227742BE8 /* SwiftDataRecipeRepository.swift in Sources */ = {isa = PBXBuildFile; fileRef = E8D8492C25EEFD85B7E7240C /* SwiftDataRecipeRepository.swift */; };
		0F02DA28CAC8E4E68CC83B07 /* ShareConfirmationView.swift in Sources */ = {isa = PBXBuildFile; fileRef = B36C84213DD9529722DAE189 /* ShareConfirmationView.swift */; };
		1028AD29B58A5FD4AE029900 /* GuestLimitView.swift in Sources */ = {isa = PBXBuildFile; fileRef = 480030F07BD940462128F4AE /* GuestLimitView.swift */; };
		111AB9F91CF8DA219B560D2A /* LibraryView.swift in Sources */ = {isa = PBXBuildFile; fileRef = AA427F9A68EAFE92CBFCB53E /* LibraryView.swift */; };
		13A8E77CA71DE564C79A291E /* ShareURLExtractor.swift in Sources */ = {isa = PBXBuildFile; fileRef = 8A93A16FCFB7610C2A4F09D4 /* ShareURLExtractor.swift */; };
		15B305735D008537A73E9BE2 /* LadleLaunchTests.swift in Sources */ = {isa = PBXBuildFile; fileRef = 13D8FE97FD1AE805C5448B98 /* LadleLaunchTests.swift */; };
		19817C767CFBCAA88DFC31C5 /* HealthExportSheet.swift in Sources */ = {isa = PBXBuildFile; fileRef = 673D9EEE813C58368B614A0F /* HealthExportSheet.swift */; };
		1D7AE199157D84F1562E6C95 /* ReimportSafetyTests.swift in Sources */ = {isa = PBXBuildFile; fileRef = E2461B3FDEC6CF3119C4548A /* ReimportSafetyTests.swift */; };
		202BABB63D7F671836CD4F1A /* ShareURLExtractor.swift in Sources */ = {isa = PBXBuildFile; fileRef = 8A93A16FCFB7610C2A4F09D4 /* ShareURLExtractor.swift */; };
		224F559012E7DF26C228AF43 /* APIClientTests.swift in Sources */ = {isa = PBXBuildFile; fileRef = AC34B6B51E6AF6B47D8FC45D /* APIClientTests.swift */; };
		24197E5B542EB0789077028F /* PrivacyDetailView.swift in Sources */ = {isa = PBXBuildFile; fileRef = F27EE9D08B4AD704ED77330A /* PrivacyDetailView.swift */; };
		248BCFB9AB72089B7292B552 /* ShareConfirmationView.swift in Sources */ = {isa = PBXBuildFile; fileRef = B36C84213DD9529722DAE189 /* ShareConfirmationView.swift */; };
		292CA6391C0A45751E5542C2 /* StoredRecipe.swift in Sources */ = {isa = PBXBuildFile; fileRef = 27E622AAB3FB89F99BAD6CAE /* StoredRecipe.swift */; };
		2AA5078390DE33D02030335E /* RemoteImportService.swift in Sources */ = {isa = PBXBuildFile; fileRef = D4507355A7CFAE19690B7D70 /* RemoteImportService.swift */; };
		2AED269B9C6BFDDBB4DFE5B9 /* NotificationServiceTests.swift in Sources */ = {isa = PBXBuildFile; fileRef = 2027095EF76748A9CC4DE10F /* NotificationServiceTests.swift */; };
		35D388FB472AA7D3A7EE2DE5 /* LibrarySearchView.swift in Sources */ = {isa = PBXBuildFile; fileRef = 9361142E5CEDBC3DCC2624D3 /* LibrarySearchView.swift */; };
		38670B3279A15C8147795E43 /* LadleShare.appex in Embed Foundation Extensions */ = {isa = PBXBuildFile; fileRef = D975A502CE6CABFF17DE770D /* LadleShare.appex */; settings = {ATTRIBUTES = (RemoveHeadersOnCopy, ); }; };
		3904F50A59BF742CAE9D1014 /* RecipeDetailTests.swift in Sources */ = {isa = PBXBuildFile; fileRef = 798B832B950A7B595EE49A1E /* RecipeDetailTests.swift */; };
		39BB9D3C3EC14FFDCE622491 /* DemoImportServiceTests.swift in Sources */ = {isa = PBXBuildFile; fileRef = ADCDE2C252635C3E9076C6DD /* DemoImportServiceTests.swift */; };
		3B24B8FC354FB569DA827D92 /* PendingImportCard.swift in Sources */ = {isa = PBXBuildFile; fileRef = 02E89F28EBF53680812A3D38 /* PendingImportCard.swift */; };
		3BABF27DB63F60124D14F426 /* WelcomeView.swift in Sources */ = {isa = PBXBuildFile; fileRef = 860D5C02610981E7F4B9FC0C /* WelcomeView.swift */; };
		3D212F33DC8232C5C1A8FAA7 /* OnboardingWalkthroughView.swift in Sources */ = {isa = PBXBuildFile; fileRef = D0370D3E55CB7D0FD1314AF8 /* OnboardingWalkthroughView.swift */; };
		3EAD52B961E44399FA89F41E /* RecipeEditorViewModel.swift in Sources */ = {isa = PBXBuildFile; fileRef = 9EA2657D0BA391951AC9AB8A /* RecipeEditorViewModel.swift */; };
		48D0EBCF569C98CD7A92CD0E /* ShareURLExtractorTests.swift in Sources */ = {isa = PBXBuildFile; fileRef = 0E19326D8562639EDF5FA97E /* ShareURLExtractorTests.swift */; };
		4C65FD233947DB0E38831B40 /* LadleCore in Frameworks */ = {isa = PBXBuildFile; productRef = ACB5208FC83F92BD0A208E0F /* LadleCore */; };
		4CE3214444DC464505688E43 /* ScreenAwakeController.swift in Sources */ = {isa = PBXBuildFile; fileRef = 614CB64D3827AB1339095FC2 /* ScreenAwakeController.swift */; };
		4CE9B8C981FF6E36E6152685 /* AuthClientTests.swift in Sources */ = {isa = PBXBuildFile; fileRef = 2256E64AD0B3ACFDB22A837E /* AuthClientTests.swift */; };
		5042FC333DCDB3F45C5DFEC3 /* RecipeSyncServiceTests.swift in Sources */ = {isa = PBXBuildFile; fileRef = 99E1C2581DC55DA301481A34 /* RecipeSyncServiceTests.swift */; };
		51C94E20F9D10C5C3A6EC671 /* DemoImportService.swift in Sources */ = {isa = PBXBuildFile; fileRef = D5811E544D3F145804508A12 /* DemoImportService.swift */; };
		5368CFB524D69182278FAED5 /* RecipeArtworkView.swift in Sources */ = {isa = PBXBuildFile; fileRef = FD556EA28CCDB3071B569D0C /* RecipeArtworkView.swift */; };
		576B0A57DEFAF69091D82D8C /* HealthKitService.swift in Sources */ = {isa = PBXBuildFile; fileRef = 49EB0A8621F79A4E7F769532 /* HealthKitService.swift */; };
		582D38A667F6429C2DAD53C9 /* CookingViewModelTests.swift in Sources */ = {isa = PBXBuildFile; fileRef = 96B58AC391122DA6ADD686C9 /* CookingViewModelTests.swift */; };
		5AB882C9AB6EB4BF73B1F7DC /* PreviewFixtures.swift in Sources */ = {isa = PBXBuildFile; fileRef = A987BC7D76A464A74050A64B /* PreviewFixtures.swift */; };
		5B6DEFBDF7B2FA4D8B98B626 /* HealthExportTests.swift in Sources */ = {isa = PBXBuildFile; fileRef = 0BB5A8ECFC358FE7640A816A /* HealthExportTests.swift */; };
		5C05C3DF388966D02FA7F11F /* LadleTypography.swift in Sources */ = {isa = PBXBuildFile; fileRef = 2D060807D3AFDD5F858FA2FD /* LadleTypography.swift */; };
		6004155F8B4E42FACDDED7E5 /* HealthService.swift in Sources */ = {isa = PBXBuildFile; fileRef = 739B606520A158CF7F843006 /* HealthService.swift */; };
		60F294395D35AC79B907E3B0 /* NotificationService.swift in Sources */ = {isa = PBXBuildFile; fileRef = 2FD8652C5A7875BD43D823FC /* NotificationService.swift */; };
		63AD334E56D71D43FB7A1EC6 /* ImportInboxView.swift in Sources */ = {isa = PBXBuildFile; fileRef = 8ECA1AA3280738489BF150D2 /* ImportInboxView.swift */; };
		686D83B6FD0217AC67627063 /* FullRecipeView.swift in Sources */ = {isa = PBXBuildFile; fileRef = 2460B2541E823AB098F4BAFA /* FullRecipeView.swift */; };
		69743766694999A4F7022D3F /* AccountSession.swift in Sources */ = {isa = PBXBuildFile; fileRef = DB9237724B9663AD4AFC1232 /* AccountSession.swift */; };
		69F3BF71002411F36B049F9F /* SyncCursorStore.swift in Sources */ = {isa = PBXBuildFile; fileRef = 72BCED0B970235948B037494 /* SyncCursorStore.swift */; };
		6FBBAE9357F2B186E26ADD35 /* GoogleSignIn in Frameworks */ = {isa = PBXBuildFile; productRef = 00B54009DDBCAF77FABA1A87 /* GoogleSignIn */; };
		714A88DB30214D7AD579E338 /* VideoEmbedSheet.swift in Sources */ = {isa = PBXBuildFile; fileRef = 2FCA9C00709407DA52C805AE /* VideoEmbedSheet.swift */; };
		72DB888843AD8B0F3C06AA55 /* PrivacyInfo.xcprivacy in Resources */ = {isa = PBXBuildFile; fileRef = DD8157BECA8D206CD8B984BB /* PrivacyInfo.xcprivacy */; };
		75E34BC4C3ECC1FF8580FBDB /* SharedQueueReconciler.swift in Sources */ = {isa = PBXBuildFile; fileRef = 46580B3879F912E78BF1629C /* SharedQueueReconciler.swift */; };
		7735E4254A1CC43579B1C7AD /* RootView.swift in Sources */ = {isa = PBXBuildFile; fileRef = 7CAD674446D07BDCDBFD2F66 /* RootView.swift */; };
		7903D591A395E0DD678CC58F /* RecipeTimer.swift in Sources */ = {isa = PBXBuildFile; fileRef = 1AE99C267EF3E47EF936C777 /* RecipeTimer.swift */; };
		7B03E111FA24728DE96CDE04 /* RecipePresentation.swift in Sources */ = {isa = PBXBuildFile; fileRef = 7B2EA3F560B531E7D745E2BC /* RecipePresentation.swift */; };
		7EA3D0A7DC5399B4FC05FF29 /* ImportFlowTests.swift in Sources */ = {isa = PBXBuildFile; fileRef = 3BF1BB60CCA8DA2A2540A32F /* ImportFlowTests.swift */; };
		7F7F801ED46BB5D88AB81AA1 /* APIError.swift in Sources */ = {isa = PBXBuildFile; fileRef = AFEF6337E3010401783B92DC /* APIError.swift */; };
		80742EE04B24D056BCA03971 /* LibraryFlowTests.swift in Sources */ = {isa = PBXBuildFile; fileRef = 0056F263B0A8D49526CD0A12 /* LibraryFlowTests.swift */; };
		84D797D5B8CB86A7C4C53756 /* LadleTheme.swift in Sources */ = {isa = PBXBuildFile; fileRef = 07E8E61AD25B02CFF497294C /* LadleTheme.swift */; };
		87248E2F1716A999204DEB21 /* StoredImportJob.swift in Sources */ = {isa = PBXBuildFile; fileRef = 30865D07CBC2C21DCB5B7BDA /* StoredImportJob.swift */; };
		8779DD58D535D2F86D02A7CB /* CorrectionNotesView.swift in Sources */ = {isa = PBXBuildFile; fileRef = D7B73A4D628A16E2ED7ADBB5 /* CorrectionNotesView.swift */; };
		8969E7AE92F6AAC232E3E2A8 /* URLProtocolStub.swift in Sources */ = {isa = PBXBuildFile; fileRef = 65FAD8FFBD627A1E6F1824E0 /* URLProtocolStub.swift */; };
		8CE56A2E89D1E151C1AA6B84 /* ReimportSheet.swift in Sources */ = {isa = PBXBuildFile; fileRef = F7CCBA4794A638FF56EBDD1A /* ReimportSheet.swift */; };
		8D177239F1A086FA834C85C6 /* RecipeGridCard.swift in Sources */ = {isa = PBXBuildFile; fileRef = DC8EEB0F6CE2D7F25FAF7308 /* RecipeGridCard.swift */; };
		8E8D469AEBAD18304870D64B /* AppAttestClientTests.swift in Sources */ = {isa = PBXBuildFile; fileRef = 30A84A5F8B238E1FDC631926 /* AppAttestClientTests.swift */; };
		910528C2827351A23281CE62 /* MethodList.swift in Sources */ = {isa = PBXBuildFile; fileRef = C3035470E3D4E011D3DDB328 /* MethodList.swift */; };
		93A83D9AD673751E50FE0D16 /* AppEnvironment.swift in Sources */ = {isa = PBXBuildFile; fileRef = C620D1903E80465BDA8FE60F /* AppEnvironment.swift */; };
		93CF9021D2F49A9F1263B0FC /* LadleApp.swift in Sources */ = {isa = PBXBuildFile; fileRef = 398FE0A6194867671568AF86 /* LadleApp.swift */; };
		94CBE2FD5CDC33A263424029 /* LibraryViewModelTests.swift in Sources */ = {isa = PBXBuildFile; fileRef = 6E75C97A3440E521A8A01510 /* LibraryViewModelTests.swift */; };
		9623A5A3F2476BF1D217B6C1 /* APIClient.swift in Sources */ = {isa = PBXBuildFile; fileRef = 0CFAA18EE2255DC832AF47E2 /* APIClient.swift */; };
		9AE69ACA22E7BEE2CE2D625C /* ImportCoordinatorTests.swift in Sources */ = {isa = PBXBuildFile; fileRef = 3801D743E5C7CE52681E7C04 /* ImportCoordinatorTests.swift */; };
		9C16EF897125A7B0B4CBF604 /* AccountSessionTests.swift in Sources */ = {isa = PBXBuildFile; fileRef = B38BC487172BD4E150410E78 /* AccountSessionTests.swift */; };
		9E6908D535A27DA7429230D5 /* AuthClient.swift in Sources */ = {isa = PBXBuildFile; fileRef = E9C01DA218666D762AB16E8A /* AuthClient.swift */; };
		9EA61B78797A9FB6B166408C /* RecipeOptionsSheet.swift in Sources */ = {isa = PBXBuildFile; fileRef = D071E3D400501F481FB31EEE /* RecipeOptionsSheet.swift */; };
		A3004E842356C83EA7DF2B55 /* AccessibilityTests.swift in Sources */ = {isa = PBXBuildFile; fileRef = 8E461DC1D3D4AD75A83A2C05 /* AccessibilityTests.swift */; };
		A4AB27B7287BE0F0CFD3B690 /* HealthExportViewModelTests.swift in Sources */ = {isa = PBXBuildFile; fileRef = 09B260DA499835E89F84D468 /* HealthExportViewModelTests.swift */; };
		A8723B3DB23725605D7D4B61 /* FocusModeView.swift in Sources */ = {isa = PBXBuildFile; fileRef = 9B9102B1B2F7CE3AAB88544A /* FocusModeView.swift */; };
		A9C4F3E83EE9E5BE40192A8B /* CookingModeTests.swift in Sources */ = {isa = PBXBuildFile; fileRef = 2AAD77DB158AB165DCE7A46D /* CookingModeTests.swift */; };
		ADFA32D4AFDD16210863F59F /* NutritionView.swift in Sources */ = {isa = PBXBuildFile; fileRef = CA9412596DCD6FFCA28EC55D /* NutritionView.swift */; };
		AE4B668CBE0E318875AF01EA /* ShareViewController.swift in Sources */ = {isa = PBXBuildFile; fileRef = 72AE00384EB09CFD40366417 /* ShareViewController.swift */; };
		AE645C3991B22C20AF387561 /* ImportService.swift in Sources */ = {isa = PBXBuildFile; fileRef = BC911C7C9A9D3FDBABF02BB9 /* ImportService.swift */; };
		B6F2C50D9C1E3327A6A59F33 /* RecipeRepository.swift in Sources */ = {isa = PBXBuildFile; fileRef = 70F3A8AF60529A54861B53EB /* RecipeRepository.swift */; };
		B8666103939A1C937D3007CF /* AppAttestClient.swift in Sources */ = {isa = PBXBuildFile; fileRef = 015AA36229E912578D0E22A5 /* AppAttestClient.swift */; };
		B8C07A83B04420D104948A91 /* ImportCoordinator.swift in Sources */ = {isa = PBXBuildFile; fileRef = FCE40C1144201ECA9A36E8BC /* ImportCoordinator.swift */; };
		BCE8D4284DDADFE5A4E61200 /* RemoteImageCache.swift in Sources */ = {isa = PBXBuildFile; fileRef = C2364871665B549A371E8011 /* RemoteImageCache.swift */; };
		BD4975AF606D7BFA55B03340 /* RemoteImageCacheTests.swift in Sources */ = {isa = PBXBuildFile; fileRef = E70BCF12B0F114BF77D3F95E /* RemoteImageCacheTests.swift */; };
		C32F195CAF0A21AC0E5F82CD /* HealthExportViewModel.swift in Sources */ = {isa = PBXBuildFile; fileRef = 8177765BDFA262D5329D99BF /* HealthExportViewModel.swift */; };
		C6A344C082E1B3B06F007BDC /* RecipeListRow.swift in Sources */ = {isa = PBXBuildFile; fileRef = 79C69755A0FE0CB8CFD2F500 /* RecipeListRow.swift */; };
		C82C0B6359C8D10E2983CC1B /* SwiftDataRecipeRepositoryTests.swift in Sources */ = {isa = PBXBuildFile; fileRef = C39A167F8EA2C188D03B1BE6 /* SwiftDataRecipeRepositoryTests.swift */; };
		CCDAC2330A4A8A54849C8D02 /* RecipeDetailView.swift in Sources */ = {isa = PBXBuildFile; fileRef = 41B1A4DD4FEB2DE4274795C2 /* RecipeDetailView.swift */; };
		CDEDA9C0CB7E9BBDDBCF08F9 /* WatchView.swift in Sources */ = {isa = PBXBuildFile; fileRef = C657544261EA36028D1ADD38 /* WatchView.swift */; };
		D06DB754A8B3119973B909FF /* RemoteImportServiceTests.swift in Sources */ = {isa = PBXBuildFile; fileRef = 95EAF34BC77BC1BC1B427BAC /* RemoteImportServiceTests.swift */; };
		D099721222903333754D2511 /* LadleCore in Frameworks */ = {isa = PBXBuildFile; productRef = 5B405345B796769819500445 /* LadleCore */; };
		D2AE2661212614060C337885 /* UserNotificationService.swift in Sources */ = {isa = PBXBuildFile; fileRef = 73F97C3F8A386730B6CB7BC2 /* UserNotificationService.swift */; };
		D7103457BFF15D8530BDA4B2 /* DesignTokenTests.swift in Sources */ = {isa = PBXBuildFile; fileRef = 9F3C25E4F342D1FEEB15A965 /* DesignTokenTests.swift */; };
		D78BB07879939E3FC2D9E071 /* ProjectSmokeTests.swift in Sources */ = {isa = PBXBuildFile; fileRef = 9209E28951C4CAA3BC8E7629 /* ProjectSmokeTests.swift */; };
		DA89A97C3E062E6E81CA8E40 /* SharedQueueReconcilerTests.swift in Sources */ = {isa = PBXBuildFile; fileRef = 57ED21827A8B76FEB98FDB19 /* SharedQueueReconcilerTests.swift */; };
		DBE9510215C9C2051919310F /* KeychainTokenStore.swift in Sources */ = {isa = PBXBuildFile; fileRef = FA758C400CD14A086E39D48D /* KeychainTokenStore.swift */; };
		DFC659D823A4B7AA5BFD3E4E /* AllRecipesView.swift in Sources */ = {isa = PBXBuildFile; fileRef = 7E9503FB43D131D1ADA3B5F4 /* AllRecipesView.swift */; };
		E24708BEE9F21F71093AF92D /* GoogleSignInProvider.swift in Sources */ = {isa = PBXBuildFile; fileRef = 2A229BB67821612265D01BD7 /* GoogleSignInProvider.swift */; };
		E25710AC24E77B43AD6B6631 /* AccountSheet.swift in Sources */ = {isa = PBXBuildFile; fileRef = 35EFCC50D17300CF2E3C284E /* AccountSheet.swift */; };
		E2BE83969345FF4BDBE3CA69 /* ImportRecoveryActions.swift in Sources */ = {isa = PBXBuildFile; fileRef = F165E4B6E30D83BFDFE33A13 /* ImportRecoveryActions.swift */; };
		E5ADC1288191201E540C48A7 /* LadleComponents.swift in Sources */ = {isa = PBXBuildFile; fileRef = 348D89D4BA7119269FD4F3BC /* LadleComponents.swift */; };
		E5D62027E211EFC50B38F37C /* LibraryViewModel.swift in Sources */ = {isa = PBXBuildFile; fileRef = 6638D8D4EFDAA359DD3B8348 /* LibraryViewModel.swift */; };
		E86042D71EA8C713F03F2B53 /* RecipeMetadataBand.swift in Sources */ = {isa = PBXBuildFile; fileRef = 9B5D35390C608C2FB9D0C0C9 /* RecipeMetadataBand.swift */; };
		E9A5AB80751C1695EB9A83A9 /* RecipeDraft.swift in Sources */ = {isa = PBXBuildFile; fileRef = 810506FC4F93017B923482AD /* RecipeDraft.swift */; };
		EA39C0028F88E65EE07DDC79 /* FilterSheet.swift in Sources */ = {isa = PBXBuildFile; fileRef = 5054FD0987A041FE9A5619DB /* FilterSheet.swift */; };
		EF0148FC094665EF210ACCB5 /* IngredientList.swift in Sources */ = {isa = PBXBuildFile; fileRef = 5BB8A28AE010B51E06742584 /* IngredientList.swift */; };
		F92893A3AE70A6AD99151B3D /* LibraryChrome.swift in Sources */ = {isa = PBXBuildFile; fileRef = 1D4C18231BDEC8794B4A3011 /* LibraryChrome.swift */; };
		FA4BA8A760D9DDCB30729AB7 /* RecipeEditorViewModelTests.swift in Sources */ = {isa = PBXBuildFile; fileRef = 703E2046735779150499C97A /* RecipeEditorViewModelTests.swift */; };
		FBE657A54D9B4A76364BC5C3 /* Assets.xcassets in Resources */ = {isa = PBXBuildFile; fileRef = 5BDEAB572C83A392AED5C622 /* Assets.xcassets */; };
		FDAFE6EC28BDDF9E3562C7A2 /* EditAndReimportTests.swift in Sources */ = {isa = PBXBuildFile; fileRef = 40BE6EC550DEE7EF23081606 /* EditAndReimportTests.swift */; };
		FED8F6252BF9482B0F17209C /* AddRecipeSheet.swift in Sources */ = {isa = PBXBuildFile; fileRef = BE36346682BDD2B5E7976D13 /* AddRecipeSheet.swift */; };
/* End PBXBuildFile section */

/* Begin PBXContainerItemProxy section */
		1A54CC8D6F606992E80768BE /* PBXContainerItemProxy */ = {
			isa = PBXContainerItemProxy;
			containerPortal = 7EEAF269B9CE72409582E1B0 /* Project object */;
			proxyType = 1;
			remoteGlobalIDString = 513B30DBEF18968525BDCBA9;
			remoteInfo = Ladle;
		};
		4EADD8258403DFFD0F6A8364 /* PBXContainerItemProxy */ = {
			isa = PBXContainerItemProxy;
			containerPortal = 7EEAF269B9CE72409582E1B0 /* Project object */;
			proxyType = 1;
			remoteGlobalIDString = 513B30DBEF18968525BDCBA9;
			remoteInfo = Ladle;
		};
		FCEAE2CEE7991915A9439CAB /* PBXContainerItemProxy */ = {
			isa = PBXContainerItemProxy;
			containerPortal = 7EEAF269B9CE72409582E1B0 /* Project object */;
			proxyType = 1;
			remoteGlobalIDString = 0E7C3C938012F05938CD3962;
			remoteInfo = LadleShare;
		};
/* End PBXContainerItemProxy section */

/* Begin PBXCopyFilesBuildPhase section */
		1998F7DF7BDA6E61A99CF18B /* Embed Foundation Extensions */ = {
			isa = PBXCopyFilesBuildPhase;
			buildActionMask = 2147483647;
			dstPath = "";
			dstSubfolderSpec = 13;
			files = (
				38670B3279A15C8147795E43 /* LadleShare.appex in Embed Foundation Extensions */,
			);
			name = "Embed Foundation Extensions";
			runOnlyForDeploymentPostprocessing = 0;
		};
/* End PBXCopyFilesBuildPhase section */

/* Begin PBXFileReference section */
		0056F263B0A8D49526CD0A12 /* LibraryFlowTests.swift */ = {isa = PBXFileReference; lastKnownFileType = sourcecode.swift; path = LibraryFlowTests.swift; sourceTree = "<group>"; };
		015AA36229E912578D0E22A5 /* AppAttestClient.swift */ = {isa = PBXFileReference; lastKnownFileType = sourcecode.swift; path = AppAttestClient.swift; sourceTree = "<group>"; };
		02E89F28EBF53680812A3D38 /* PendingImportCard.swift */ = {isa = PBXFileReference; lastKnownFileType = sourcecode.swift; path = PendingImportCard.swift; sourceTree = "<group>"; };
		07E8E61AD25B02CFF497294C /* LadleTheme.swift */ = {isa = PBXFileReference; lastKnownFileType = sourcecode.swift; path = LadleTheme.swift; sourceTree = "<group>"; };
		09B260DA499835E89F84D468 /* HealthExportViewModelTests.swift */ = {isa = PBXFileReference; lastKnownFileType = sourcecode.swift; path = HealthExportViewModelTests.swift; sourceTree = "<group>"; };
		0BB5A8ECFC358FE7640A816A /* HealthExportTests.swift */ = {isa = PBXFileReference; lastKnownFileType = sourcecode.swift; path = HealthExportTests.swift; sourceTree = "<group>"; };
		0CFAA18EE2255DC832AF47E2 /* APIClient.swift */ = {isa = PBXFileReference; lastKnownFileType = sourcecode.swift; path = APIClient.swift; sourceTree = "<group>"; };
		0E19326D8562639EDF5FA97E /* ShareURLExtractorTests.swift */ = {isa = PBXFileReference; lastKnownFileType = sourcecode.swift; path = ShareURLExtractorTests.swift; sourceTree = "<group>"; };
		13D8FE97FD1AE805C5448B98 /* LadleLaunchTests.swift */ = {isa = PBXFileReference; lastKnownFileType = sourcecode.swift; path = LadleLaunchTests.swift; sourceTree = "<group>"; };
		1AE99C267EF3E47EF936C777 /* RecipeTimer.swift */ = {isa = PBXFileReference; lastKnownFileType = sourcecode.swift; path = RecipeTimer.swift; sourceTree = "<group>"; };
		1D4C18231BDEC8794B4A3011 /* LibraryChrome.swift */ = {isa = PBXFileReference; lastKnownFileType = sourcecode.swift; path = LibraryChrome.swift; sourceTree = "<group>"; };
		2027095EF76748A9CC4DE10F /* NotificationServiceTests.swift */ = {isa = PBXFileReference; lastKnownFileType = sourcecode.swift; path = NotificationServiceTests.swift; sourceTree = "<group>"; };
		2256E64AD0B3ACFDB22A837E /* AuthClientTests.swift */ = {isa = PBXFileReference; lastKnownFileType = sourcecode.swift; path = AuthClientTests.swift; sourceTree = "<group>"; };
		2460B2541E823AB098F4BAFA /* FullRecipeView.swift */ = {isa = PBXFileReference; lastKnownFileType = sourcecode.swift; path = FullRecipeView.swift; sourceTree = "<group>"; };
		27E622AAB3FB89F99BAD6CAE /* StoredRecipe.swift */ = {isa = PBXFileReference; lastKnownFileType = sourcecode.swift; path = StoredRecipe.swift; sourceTree = "<group>"; };
		2A229BB67821612265D01BD7 /* GoogleSignInProvider.swift */ = {isa = PBXFileReference; lastKnownFileType = sourcecode.swift; path = GoogleSignInProvider.swift; sourceTree = "<group>"; };
		2AAD77DB158AB165DCE7A46D /* CookingModeTests.swift */ = {isa = PBXFileReference; lastKnownFileType = sourcecode.swift; path = CookingModeTests.swift; sourceTree = "<group>"; };
		2D060807D3AFDD5F858FA2FD /* LadleTypography.swift */ = {isa = PBXFileReference; lastKnownFileType = sourcecode.swift; path = LadleTypography.swift; sourceTree = "<group>"; };
		2FCA9C00709407DA52C805AE /* VideoEmbedSheet.swift */ = {isa = PBXFileReference; lastKnownFileType = sourcecode.swift; path = VideoEmbedSheet.swift; sourceTree = "<group>"; };
		2FD8652C5A7875BD43D823FC /* NotificationService.swift */ = {isa = PBXFileReference; lastKnownFileType = sourcecode.swift; path = NotificationService.swift; sourceTree = "<group>"; };
		30865D07CBC2C21DCB5B7BDA /* StoredImportJob.swift */ = {isa = PBXFileReference; lastKnownFileType = sourcecode.swift; path = StoredImportJob.swift; sourceTree = "<group>"; };
		30A84A5F8B238E1FDC631926 /* AppAttestClientTests.swift */ = {isa = PBXFileReference; lastKnownFileType = sourcecode.swift; path = AppAttestClientTests.swift; sourceTree = "<group>"; };
		348D89D4BA7119269FD4F3BC /* LadleComponents.swift */ = {isa = PBXFileReference; lastKnownFileType = sourcecode.swift; path = LadleComponents.swift; sourceTree = "<group>"; };
		35EFCC50D17300CF2E3C284E /* AccountSheet.swift */ = {isa = PBXFileReference; lastKnownFileType = sourcecode.swift; path = AccountSheet.swift; sourceTree = "<group>"; };
		3801D743E5C7CE52681E7C04 /* ImportCoordinatorTests.swift */ = {isa = PBXFileReference; lastKnownFileType = sourcecode.swift; path = ImportCoordinatorTests.swift; sourceTree = "<group>"; };
		398FE0A6194867671568AF86 /* LadleApp.swift */ = {isa = PBXFileReference; lastKnownFileType = sourcecode.swift; path = LadleApp.swift; sourceTree = "<group>"; };
		3BF1BB60CCA8DA2A2540A32F /* ImportFlowTests.swift */ = {isa = PBXFileReference; lastKnownFileType = sourcecode.swift; path = ImportFlowTests.swift; sourceTree = "<group>"; };
		40BE6EC550DEE7EF23081606 /* EditAndReimportTests.swift */ = {isa = PBXFileReference; lastKnownFileType = sourcecode.swift; path = EditAndReimportTests.swift; sourceTree = "<group>"; };
		41B1A4DD4FEB2DE4274795C2 /* RecipeDetailView.swift */ = {isa = PBXFileReference; lastKnownFileType = sourcecode.swift; path = RecipeDetailView.swift; sourceTree = "<group>"; };
		46580B3879F912E78BF1629C /* SharedQueueReconciler.swift */ = {isa = PBXFileReference; lastKnownFileType = sourcecode.swift; path = SharedQueueReconciler.swift; sourceTree = "<group>"; };
		480030F07BD940462128F4AE /* GuestLimitView.swift */ = {isa = PBXFileReference; lastKnownFileType = sourcecode.swift; path = GuestLimitView.swift; sourceTree = "<group>"; };
		49EB0A8621F79A4E7F769532 /* HealthKitService.swift */ = {isa = PBXFileReference; lastKnownFileType = sourcecode.swift; path = HealthKitService.swift; sourceTree = "<group>"; };
		5054FD0987A041FE9A5619DB /* FilterSheet.swift */ = {isa = PBXFileReference; lastKnownFileType = sourcecode.swift; path = FilterSheet.swift; sourceTree = "<group>"; };
		57ED21827A8B76FEB98FDB19 /* SharedQueueReconcilerTests.swift */ = {isa = PBXFileReference; lastKnownFileType = sourcecode.swift; path = SharedQueueReconcilerTests.swift; sourceTree = "<group>"; };
		5BB8A28AE010B51E06742584 /* IngredientList.swift */ = {isa = PBXFileReference; lastKnownFileType = sourcecode.swift; path = IngredientList.swift; sourceTree = "<group>"; };
		5BDEAB572C83A392AED5C622 /* Assets.xcassets */ = {isa = PBXFileReference; lastKnownFileType = folder.assetcatalog; path = Assets.xcassets; sourceTree = "<group>"; };
		5D8E6A8158C708810CBB4AD3 /* LibraryHomeView.swift */ = {isa = PBXFileReference; lastKnownFileType = sourcecode.swift; path = LibraryHomeView.swift; sourceTree = "<group>"; };
		614CB64D3827AB1339095FC2 /* ScreenAwakeController.swift */ = {isa = PBXFileReference; lastKnownFileType = sourcecode.swift; path = ScreenAwakeController.swift; sourceTree = "<group>"; };
		659DEB801C4C5EC75C6F09EC /* CookingViewModel.swift */ = {isa = PBXFileReference; lastKnownFileType = sourcecode.swift; path = CookingViewModel.swift; sourceTree = "<group>"; };
		65FAD8FFBD627A1E6F1824E0 /* URLProtocolStub.swift */ = {isa = PBXFileReference; lastKnownFileType = sourcecode.swift; path = URLProtocolStub.swift; sourceTree = "<group>"; };
		6638D8D4EFDAA359DD3B8348 /* LibraryViewModel.swift */ = {isa = PBXFileReference; lastKnownFileType = sourcecode.swift; path = LibraryViewModel.swift; sourceTree = "<group>"; };
		673D9EEE813C58368B614A0F /* HealthExportSheet.swift */ = {isa = PBXFileReference; lastKnownFileType = sourcecode.swift; path = HealthExportSheet.swift; sourceTree = "<group>"; };
		6E75C97A3440E521A8A01510 /* LibraryViewModelTests.swift */ = {isa = PBXFileReference; lastKnownFileType = sourcecode.swift; path = LibraryViewModelTests.swift; sourceTree = "<group>"; };
		703E2046735779150499C97A /* RecipeEditorViewModelTests.swift */ = {isa = PBXFileReference; lastKnownFileType = sourcecode.swift; path = RecipeEditorViewModelTests.swift; sourceTree = "<group>"; };
		70F3A8AF60529A54861B53EB /* RecipeRepository.swift */ = {isa = PBXFileReference; lastKnownFileType = sourcecode.swift; path = RecipeRepository.swift; sourceTree = "<group>"; };
		72AE00384EB09CFD40366417 /* ShareViewController.swift */ = {isa = PBXFileReference; lastKnownFileType = sourcecode.swift; path = ShareViewController.swift; sourceTree = "<group>"; };
		72BCED0B970235948B037494 /* SyncCursorStore.swift */ = {isa = PBXFileReference; lastKnownFileType = sourcecode.swift; path = SyncCursorStore.swift; sourceTree = "<group>"; };
		739B606520A158CF7F843006 /* HealthService.swift */ = {isa = PBXFileReference; lastKnownFileType = sourcecode.swift; path = HealthService.swift; sourceTree = "<group>"; };
		73F97C3F8A386730B6CB7BC2 /* UserNotificationService.swift */ = {isa = PBXFileReference; lastKnownFileType = sourcecode.swift; path = UserNotificationService.swift; sourceTree = "<group>"; };
		798B832B950A7B595EE49A1E /* RecipeDetailTests.swift */ = {isa = PBXFileReference; lastKnownFileType = sourcecode.swift; path = RecipeDetailTests.swift; sourceTree = "<group>"; };
		79C69755A0FE0CB8CFD2F500 /* RecipeListRow.swift */ = {isa = PBXFileReference; lastKnownFileType = sourcecode.swift; path = RecipeListRow.swift; sourceTree = "<group>"; };
		7B2EA3F560B531E7D745E2BC /* RecipePresentation.swift */ = {isa = PBXFileReference; lastKnownFileType = sourcecode.swift; path = RecipePresentation.swift; sourceTree = "<group>"; };
		7CAD674446D07BDCDBFD2F66 /* RootView.swift */ = {isa = PBXFileReference; lastKnownFileType = sourcecode.swift; path = RootView.swift; sourceTree = "<group>"; };
		7E9503FB43D131D1ADA3B5F4 /* AllRecipesView.swift */ = {isa = PBXFileReference; lastKnownFileType = sourcecode.swift; path = AllRecipesView.swift; sourceTree = "<group>"; };
		810506FC4F93017B923482AD /* RecipeDraft.swift */ = {isa = PBXFileReference; lastKnownFileType = sourcecode.swift; path = RecipeDraft.swift; sourceTree = "<group>"; };
		8177765BDFA262D5329D99BF /* HealthExportViewModel.swift */ = {isa = PBXFileReference; lastKnownFileType = sourcecode.swift; path = HealthExportViewModel.swift; sourceTree = "<group>"; };
		860D5C02610981E7F4B9FC0C /* WelcomeView.swift */ = {isa = PBXFileReference; lastKnownFileType = sourcecode.swift; path = WelcomeView.swift; sourceTree = "<group>"; };
		8685543E83A66097689438A5 /* Ladle.app */ = {isa = PBXFileReference; includeInIndex = 0; lastKnownFileType = wrapper.application; path = Ladle.app; sourceTree = BUILT_PRODUCTS_DIR; };
		89DD2D1BF2804CED5D137279 /* Debug.xcconfig */ = {isa = PBXFileReference; lastKnownFileType = text.xcconfig; path = Debug.xcconfig; sourceTree = "<group>"; };
		8A93A16FCFB7610C2A4F09D4 /* ShareURLExtractor.swift */ = {isa = PBXFileReference; lastKnownFileType = sourcecode.swift; path = ShareURLExtractor.swift; sourceTree = "<group>"; };
		8E461DC1D3D4AD75A83A2C05 /* AccessibilityTests.swift */ = {isa = PBXFileReference; lastKnownFileType = sourcecode.swift; path = AccessibilityTests.swift; sourceTree = "<group>"; };
		8ECA1AA3280738489BF150D2 /* ImportInboxView.swift */ = {isa = PBXFileReference; lastKnownFileType = sourcecode.swift; path = ImportInboxView.swift; sourceTree = "<group>"; };
		9209E28951C4CAA3BC8E7629 /* ProjectSmokeTests.swift */ = {isa = PBXFileReference; lastKnownFileType = sourcecode.swift; path = ProjectSmokeTests.swift; sourceTree = "<group>"; };
		92186EA22A7478D595EF7866 /* LadleUITests.xctest */ = {isa = PBXFileReference; includeInIndex = 0; lastKnownFileType = wrapper.cfbundle; path = LadleUITests.xctest; sourceTree = BUILT_PRODUCTS_DIR; };
		9361142E5CEDBC3DCC2624D3 /* LibrarySearchView.swift */ = {isa = PBXFileReference; lastKnownFileType = sourcecode.swift; path = LibrarySearchView.swift; sourceTree = "<group>"; };
		95EAF34BC77BC1BC1B427BAC /* RemoteImportServiceTests.swift */ = {isa = PBXFileReference; lastKnownFileType = sourcecode.swift; path = RemoteImportServiceTests.swift; sourceTree = "<group>"; };
		96B58AC391122DA6ADD686C9 /* CookingViewModelTests.swift */ = {isa = PBXFileReference; lastKnownFileType = sourcecode.swift; path = CookingViewModelTests.swift; sourceTree = "<group>"; };
		9929B977DD4E3EE7174775A6 /* Release.xcconfig */ = {isa = PBXFileReference; lastKnownFileType = text.xcconfig; path = Release.xcconfig; sourceTree = "<group>"; };
		99E1C2581DC55DA301481A34 /* RecipeSyncServiceTests.swift */ = {isa = PBXFileReference; lastKnownFileType = sourcecode.swift; path = RecipeSyncServiceTests.swift; sourceTree = "<group>"; };
		9B5D35390C608C2FB9D0C0C9 /* RecipeMetadataBand.swift */ = {isa = PBXFileReference; lastKnownFileType = sourcecode.swift; path = RecipeMetadataBand.swift; sourceTree = "<group>"; };
		9B9102B1B2F7CE3AAB88544A /* FocusModeView.swift */ = {isa = PBXFileReference; lastKnownFileType = sourcecode.swift; path = FocusModeView.swift; sourceTree = "<group>"; };
		9EA2657D0BA391951AC9AB8A /* RecipeEditorViewModel.swift */ = {isa = PBXFileReference; lastKnownFileType = sourcecode.swift; path = RecipeEditorViewModel.swift; sourceTree = "<group>"; };
		9F3C25E4F342D1FEEB15A965 /* DesignTokenTests.swift */ = {isa = PBXFileReference; lastKnownFileType = sourcecode.swift; path = DesignTokenTests.swift; sourceTree = "<group>"; };
		A987BC7D76A464A74050A64B /* PreviewFixtures.swift */ = {isa = PBXFileReference; lastKnownFileType = sourcecode.swift; path = PreviewFixtures.swift; sourceTree = "<group>"; };
		AA427F9A68EAFE92CBFCB53E /* LibraryView.swift */ = {isa = PBXFileReference; lastKnownFileType = sourcecode.swift; path = LibraryView.swift; sourceTree = "<group>"; };
		AB7758A009F552E1ADAB5A3B /* LadleTests.xctest */ = {isa = PBXFileReference; includeInIndex = 0; lastKnownFileType = wrapper.cfbundle; path = LadleTests.xctest; sourceTree = BUILT_PRODUCTS_DIR; };
		AC34B6B51E6AF6B47D8FC45D /* APIClientTests.swift */ = {isa = PBXFileReference; lastKnownFileType = sourcecode.swift; path = APIClientTests.swift; sourceTree = "<group>"; };
		ADCDE2C252635C3E9076C6DD /* DemoImportServiceTests.swift */ = {isa = PBXFileReference; lastKnownFileType = sourcecode.swift; path = DemoImportServiceTests.swift; sourceTree = "<group>"; };
		AFEF6337E3010401783B92DC /* APIError.swift */ = {isa = PBXFileReference; lastKnownFileType = sourcecode.swift; path = APIError.swift; sourceTree = "<group>"; };
		B199870C26E21427676774F8 /* LadleCore */ = {isa = PBXFileReference; lastKnownFileType = folder; name = LadleCore; path = Packages/LadleCore; sourceTree = SOURCE_ROOT; };
		B36C84213DD9529722DAE189 /* ShareConfirmationView.swift */ = {isa = PBXFileReference; lastKnownFileType = sourcecode.swift; path = ShareConfirmationView.swift; sourceTree = "<group>"; };
		B38BC487172BD4E150410E78 /* AccountSessionTests.swift */ = {isa = PBXFileReference; lastKnownFileType = sourcecode.swift; path = AccountSessionTests.swift; sourceTree = "<group>"; };
		BC911C7C9A9D3FDBABF02BB9 /* ImportService.swift */ = {isa = PBXFileReference; lastKnownFileType = sourcecode.swift; path = ImportService.swift; sourceTree = "<group>"; };
		BE210DBCF0B5E6E0CEF88ED8 /* RecipeEditorView.swift */ = {isa = PBXFileReference; lastKnownFileType = sourcecode.swift; path = RecipeEditorView.swift; sourceTree = "<group>"; };
		BE36346682BDD2B5E7976D13 /* AddRecipeSheet.swift */ = {isa = PBXFileReference; lastKnownFileType = sourcecode.swift; path = AddRecipeSheet.swift; sourceTree = "<group>"; };
		C2364871665B549A371E8011 /* RemoteImageCache.swift */ = {isa = PBXFileReference; lastKnownFileType = sourcecode.swift; path = RemoteImageCache.swift; sourceTree = "<group>"; };
		C3035470E3D4E011D3DDB328 /* MethodList.swift */ = {isa = PBXFileReference; lastKnownFileType = sourcecode.swift; path = MethodList.swift; sourceTree = "<group>"; };
		C39A167F8EA2C188D03B1BE6 /* SwiftDataRecipeRepositoryTests.swift */ = {isa = PBXFileReference; lastKnownFileType = sourcecode.swift; path = SwiftDataRecipeRepositoryTests.swift; sourceTree = "<group>"; };
		C620D1903E80465BDA8FE60F /* AppEnvironment.swift */ = {isa = PBXFileReference; lastKnownFileType = sourcecode.swift; path = AppEnvironment.swift; sourceTree = "<group>"; };
		C657544261EA36028D1ADD38 /* WatchView.swift */ = {isa = PBXFileReference; lastKnownFileType = sourcecode.swift; path = WatchView.swift; sourceTree = "<group>"; };
		CA9412596DCD6FFCA28EC55D /* NutritionView.swift */ = {isa = PBXFileReference; lastKnownFileType = sourcecode.swift; path = NutritionView.swift; sourceTree = "<group>"; };
		D0370D3E55CB7D0FD1314AF8 /* OnboardingWalkthroughView.swift */ = {isa = PBXFileReference; lastKnownFileType = sourcecode.swift; path = OnboardingWalkthroughView.swift; sourceTree = "<group>"; };
		D071E3D400501F481FB31EEE /* RecipeOptionsSheet.swift */ = {isa = PBXFileReference; lastKnownFileType = sourcecode.swift; path = RecipeOptionsSheet.swift; sourceTree = "<group>"; };
		D4507355A7CFAE19690B7D70 /* RemoteImportService.swift */ = {isa = PBXFileReference; lastKnownFileType = sourcecode.swift; path = RemoteImportService.swift; sourceTree = "<group>"; };
		D5811E544D3F145804508A12 /* DemoImportService.swift */ = {isa = PBXFileReference; lastKnownFileType = sourcecode.swift; path = DemoImportService.swift; sourceTree = "<group>"; };
		D7B73A4D628A16E2ED7ADBB5 /* CorrectionNotesView.swift */ = {isa = PBXFileReference; lastKnownFileType = sourcecode.swift; path = CorrectionNotesView.swift; sourceTree = "<group>"; };
		D975A502CE6CABFF17DE770D /* LadleShare.appex */ = {isa = PBXFileReference; includeInIndex = 0; lastKnownFileType = "wrapper.app-extension"; path = LadleShare.appex; sourceTree = BUILT_PRODUCTS_DIR; };
		DB9237724B9663AD4AFC1232 /* AccountSession.swift */ = {isa = PBXFileReference; lastKnownFileType = sourcecode.swift; path = AccountSession.swift; sourceTree = "<group>"; };
		DC8EEB0F6CE2D7F25FAF7308 /* RecipeGridCard.swift */ = {isa = PBXFileReference; lastKnownFileType = sourcecode.swift; path = RecipeGridCard.swift; sourceTree = "<group>"; };
		DD8157BECA8D206CD8B984BB /* PrivacyInfo.xcprivacy */ = {isa = PBXFileReference; path = PrivacyInfo.xcprivacy; sourceTree = "<group>"; };
		E2461B3FDEC6CF3119C4548A /* ReimportSafetyTests.swift */ = {isa = PBXFileReference; lastKnownFileType = sourcecode.swift; path = ReimportSafetyTests.swift; sourceTree = "<group>"; };
		E3E83CF891E137AB8EEEC5D5 /* RecipeSyncService.swift */ = {isa = PBXFileReference; lastKnownFileType = sourcecode.swift; path = RecipeSyncService.swift; sourceTree = "<group>"; };
		E70BCF12B0F114BF77D3F95E /* RemoteImageCacheTests.swift */ = {isa = PBXFileReference; lastKnownFileType = sourcecode.swift; path = RemoteImageCacheTests.swift; sourceTree = "<group>"; };
		E773EEC85D6B10B47798F46E /* FailedImportSheet.swift */ = {isa = PBXFileReference; lastKnownFileType = sourcecode.swift; path = FailedImportSheet.swift; sourceTree = "<group>"; };
		E8D8492C25EEFD85B7E7240C /* SwiftDataRecipeRepository.swift */ = {isa = PBXFileReference; lastKnownFileType = sourcecode.swift; path = SwiftDataRecipeRepository.swift; sourceTree = "<group>"; };
		E9C01DA218666D762AB16E8A /* AuthClient.swift */ = {isa = PBXFileReference; lastKnownFileType = sourcecode.swift; path = AuthClient.swift; sourceTree = "<group>"; };
		F165E4B6E30D83BFDFE33A13 /* ImportRecoveryActions.swift */ = {isa = PBXFileReference; lastKnownFileType = sourcecode.swift; path = ImportRecoveryActions.swift; sourceTree = "<group>"; };
		F27EE9D08B4AD704ED77330A /* PrivacyDetailView.swift */ = {isa = PBXFileReference; lastKnownFileType = sourcecode.swift; path = PrivacyDetailView.swift; sourceTree = "<group>"; };
		F2DDA4DA24D19A4B049A9968 /* ShareConfirmationViewTests.swift */ = {isa = PBXFileReference; lastKnownFileType = sourcecode.swift; path = ShareConfirmationViewTests.swift; sourceTree = "<group>"; };
		F7CCBA4794A638FF56EBDD1A /* ReimportSheet.swift */ = {isa = PBXFileReference; lastKnownFileType = sourcecode.swift; path = ReimportSheet.swift; sourceTree = "<group>"; };
		FA758C400CD14A086E39D48D /* KeychainTokenStore.swift */ = {isa = PBXFileReference; lastKnownFileType = sourcecode.swift; path = KeychainTokenStore.swift; sourceTree = "<group>"; };
		FCE40C1144201ECA9A36E8BC /* ImportCoordinator.swift */ = {isa = PBXFileReference; lastKnownFileType = sourcecode.swift; path = ImportCoordinator.swift; sourceTree = "<group>"; };
		FD556EA28CCDB3071B569D0C /* RecipeArtworkView.swift */ = {isa = PBXFileReference; lastKnownFileType = sourcecode.swift; path = RecipeArtworkView.swift; sourceTree = "<group>"; };
/* End PBXFileReference section */

/* Begin PBXFrameworksBuildPhase section */
		71FAA17B71B746FDF569A03D /* Frameworks */ = {
			isa = PBXFrameworksBuildPhase;
			buildActionMask = 2147483647;
			files = (
				D099721222903333754D2511 /* LadleCore in Frameworks */,
			);
			runOnlyForDeploymentPostprocessing = 0;
		};
		9CCD385D0B48C21565701A0F /* Frameworks */ = {
			isa = PBXFrameworksBuildPhase;
			buildActionMask = 2147483647;
			files = (
				6FBBAE9357F2B186E26ADD35 /* GoogleSignIn in Frameworks */,
				4C65FD233947DB0E38831B40 /* LadleCore in Frameworks */,
			);
			runOnlyForDeploymentPostprocessing = 0;
		};
/* End PBXFrameworksBuildPhase section */

/* Begin PBXGroup section */
		1CE38A2688439F4AC371D098 /* Resources */ = {
			isa = PBXGroup;
			children = (
				5BDEAB572C83A392AED5C622 /* Assets.xcassets */,
				DD8157BECA8D206CD8B984BB /* PrivacyInfo.xcprivacy */,
			);
			path = Resources;
			sourceTree = "<group>";
		};
		25404B5350B279BF6BDA063D /* Data */ = {
			isa = PBXGroup;
			children = (
				A987BC7D76A464A74050A64B /* PreviewFixtures.swift */,
				70F3A8AF60529A54861B53EB /* RecipeRepository.swift */,
				30865D07CBC2C21DCB5B7BDA /* StoredImportJob.swift */,
				27E622AAB3FB89F99BAD6CAE /* StoredRecipe.swift */,
				E8D8492C25EEFD85B7E7240C /* SwiftDataRecipeRepository.swift */,
			);
			path = Data;
			sourceTree = "<group>";
		};
		2F09FCC29A55E22EC56467F2 = {
			isa = PBXGroup;
			children = (
				917FB32CC85A12AC9FABC085 /* Config */,
				C785830BA90FF06D98550174 /* Ladle */,
				C4FA77D8C431C224299760C5 /* LadleShare */,
				AC62D73EFA5767328A97BEBB /* LadleTests */,
				B83462334B3609B1DD29A356 /* LadleUITests */,
				814C8622786A5D7B00F966DE /* Packages */,
				42BCDF39316A0AD46ACABDE8 /* Products */,
			);
			sourceTree = "<group>";
		};
		3870EB79C0F31C1259B9B9B4 /* Sync */ = {
			isa = PBXGroup;
			children = (
				E3E83CF891E137AB8EEEC5D5 /* RecipeSyncService.swift */,
				72BCED0B970235948B037494 /* SyncCursorStore.swift */,
			);
			path = Sync;
			sourceTree = "<group>";
		};
		3D23DFC81B7B518C8D65D8EC /* Health */ = {
			isa = PBXGroup;
			children = (
				673D9EEE813C58368B614A0F /* HealthExportSheet.swift */,
				8177765BDFA262D5329D99BF /* HealthExportViewModel.swift */,
				49EB0A8621F79A4E7F769532 /* HealthKitService.swift */,
				739B606520A158CF7F843006 /* HealthService.swift */,
			);
			path = Health;
			sourceTree = "<group>";
		};
		42BCDF39316A0AD46ACABDE8 /* Products */ = {
			isa = PBXGroup;
			children = (
				8685543E83A66097689438A5 /* Ladle.app */,
				D975A502CE6CABFF17DE770D /* LadleShare.appex */,
				AB7758A009F552E1ADAB5A3B /* LadleTests.xctest */,
				92186EA22A7478D595EF7866 /* LadleUITests.xctest */,
			);
			name = Products;
			sourceTree = "<group>";
		};
		4D9F49900E72E3A446772D85 /* Library */ = {
			isa = PBXGroup;
			children = (
				7E9503FB43D131D1ADA3B5F4 /* AllRecipesView.swift */,
				5054FD0987A041FE9A5619DB /* FilterSheet.swift */,
				8ECA1AA3280738489BF150D2 /* ImportInboxView.swift */,
				1D4C18231BDEC8794B4A3011 /* LibraryChrome.swift */,
				5D8E6A8158C708810CBB4AD3 /* LibraryHomeView.swift */,
				9361142E5CEDBC3DCC2624D3 /* LibrarySearchView.swift */,
				AA427F9A68EAFE92CBFCB53E /* LibraryView.swift */,
				6638D8D4EFDAA359DD3B8348 /* LibraryViewModel.swift */,
				02E89F28EBF53680812A3D38 /* PendingImportCard.swift */,
				DC8EEB0F6CE2D7F25FAF7308 /* RecipeGridCard.swift */,
				79C69755A0FE0CB8CFD2F500 /* RecipeListRow.swift */,
				2FCA9C00709407DA52C805AE /* VideoEmbedSheet.swift */,
				C657544261EA36028D1ADD38 /* WatchView.swift */,
			);
			path = Library;
			sourceTree = "<group>";
		};
		51F7BED990A63A44D87A4E36 /* Account */ = {
			isa = PBXGroup;
			children = (
				DB9237724B9663AD4AFC1232 /* AccountSession.swift */,
				35EFCC50D17300CF2E3C284E /* AccountSheet.swift */,
				015AA36229E912578D0E22A5 /* AppAttestClient.swift */,
				E9C01DA218666D762AB16E8A /* AuthClient.swift */,
				2A229BB67821612265D01BD7 /* GoogleSignInProvider.swift */,
				480030F07BD940462128F4AE /* GuestLimitView.swift */,
				FA758C400CD14A086E39D48D /* KeychainTokenStore.swift */,
				D0370D3E55CB7D0FD1314AF8 /* OnboardingWalkthroughView.swift */,
				F27EE9D08B4AD704ED77330A /* PrivacyDetailView.swift */,
				860D5C02610981E7F4B9FC0C /* WelcomeView.swift */,
			);
			path = Account;
			sourceTree = "<group>";
		};
		5B2B06AAF3633268B84B87A2 /* Nutrition */ = {
			isa = PBXGroup;
			children = (
				CA9412596DCD6FFCA28EC55D /* NutritionView.swift */,
			);
			path = Nutrition;
			sourceTree = "<group>";
		};
		814C8622786A5D7B00F966DE /* Packages */ = {
			isa = PBXGroup;
			children = (
				B199870C26E21427676774F8 /* LadleCore */,
			);
			path = Packages;
			sourceTree = "<group>";
		};
		8248FD11845C42D0CB221384 /* RecipeDetail */ = {
			isa = PBXGroup;
			children = (
				5BB8A28AE010B51E06742584 /* IngredientList.swift */,
				C3035470E3D4E011D3DDB328 /* MethodList.swift */,
				41B1A4DD4FEB2DE4274795C2 /* RecipeDetailView.swift */,
				9B5D35390C608C2FB9D0C0C9 /* RecipeMetadataBand.swift */,
				D071E3D400501F481FB31EEE /* RecipeOptionsSheet.swift */,
			);
			path = RecipeDetail;
			sourceTree = "<group>";
		};
		8BCD0A68F8A85D73EF2DFBB4 /* Cooking */ = {
			isa = PBXGroup;
			children = (
				659DEB801C4C5EC75C6F09EC /* CookingViewModel.swift */,
				9B9102B1B2F7CE3AAB88544A /* FocusModeView.swift */,
				2460B2541E823AB098F4BAFA /* FullRecipeView.swift */,
				1AE99C267EF3E47EF936C777 /* RecipeTimer.swift */,
				614CB64D3827AB1339095FC2 /* ScreenAwakeController.swift */,
			);
			path = Cooking;
			sourceTree = "<group>";
		};
		917FB32CC85A12AC9FABC085 /* Config */ = {
			isa = PBXGroup;
			children = (
				89DD2D1BF2804CED5D137279 /* Debug.xcconfig */,
				9929B977DD4E3EE7174775A6 /* Release.xcconfig */,
			);
			path = Config;
			sourceTree = "<group>";
		};
		AC62D73EFA5767328A97BEBB /* LadleTests */ = {
			isa = PBXGroup;
			children = (
				DF887E67522E51849E46A63C /* Support */,
				B38BC487172BD4E150410E78 /* AccountSessionTests.swift */,
				AC34B6B51E6AF6B47D8FC45D /* APIClientTests.swift */,
				30A84A5F8B238E1FDC631926 /* AppAttestClientTests.swift */,
				2256E64AD0B3ACFDB22A837E /* AuthClientTests.swift */,
				96B58AC391122DA6ADD686C9 /* CookingViewModelTests.swift */,
				ADCDE2C252635C3E9076C6DD /* DemoImportServiceTests.swift */,
				9F3C25E4F342D1FEEB15A965 /* DesignTokenTests.swift */,
				09B260DA499835E89F84D468 /* HealthExportViewModelTests.swift */,
				3801D743E5C7CE52681E7C04 /* ImportCoordinatorTests.swift */,
				6E75C97A3440E521A8A01510 /* LibraryViewModelTests.swift */,
				2027095EF76748A9CC4DE10F /* NotificationServiceTests.swift */,
				9209E28951C4CAA3BC8E7629 /* ProjectSmokeTests.swift */,
				703E2046735779150499C97A /* RecipeEditorViewModelTests.swift */,
				99E1C2581DC55DA301481A34 /* RecipeSyncServiceTests.swift */,
				E2461B3FDEC6CF3119C4548A /* ReimportSafetyTests.swift */,
				E70BCF12B0F114BF77D3F95E /* RemoteImageCacheTests.swift */,
				95EAF34BC77BC1BC1B427BAC /* RemoteImportServiceTests.swift */,
				F2DDA4DA24D19A4B049A9968 /* ShareConfirmationViewTests.swift */,
				57ED21827A8B76FEB98FDB19 /* SharedQueueReconcilerTests.swift */,
				0E19326D8562639EDF5FA97E /* ShareURLExtractorTests.swift */,
				C39A167F8EA2C188D03B1BE6 /* SwiftDataRecipeRepositoryTests.swift */,
			);
			path = LadleTests;
			sourceTree = "<group>";
		};
		B83462334B3609B1DD29A356 /* LadleUITests */ = {
			isa = PBXGroup;
			children = (
				8E461DC1D3D4AD75A83A2C05 /* AccessibilityTests.swift */,
				2AAD77DB158AB165DCE7A46D /* CookingModeTests.swift */,
				40BE6EC550DEE7EF23081606 /* EditAndReimportTests.swift */,
				0BB5A8ECFC358FE7640A816A /* HealthExportTests.swift */,
				3BF1BB60CCA8DA2A2540A32F /* ImportFlowTests.swift */,
				13D8FE97FD1AE805C5448B98 /* LadleLaunchTests.swift */,
				0056F263B0A8D49526CD0A12 /* LibraryFlowTests.swift */,
				798B832B950A7B595EE49A1E /* RecipeDetailTests.swift */,
			);
			path = LadleUITests;
			sourceTree = "<group>";
		};
		BE74E9F234FB183FF0B4198C /* Notifications */ = {
			isa = PBXGroup;
			children = (
				2FD8652C5A7875BD43D823FC /* NotificationService.swift */,
				73F97C3F8A386730B6CB7BC2 /* UserNotificationService.swift */,
			);
			path = Notifications;
			sourceTree = "<group>";
		};
		C211D04B23F90F493F5777D1 /* App */ = {
			isa = PBXGroup;
			children = (
				C620D1903E80465BDA8FE60F /* AppEnvironment.swift */,
				398FE0A6194867671568AF86 /* LadleApp.swift */,
				7CAD674446D07BDCDBFD2F66 /* RootView.swift */,
			);
			path = App;
			sourceTree = "<group>";
		};
		C4FA77D8C431C224299760C5 /* LadleShare */ = {
			isa = PBXGroup;
			children = (
				B36C84213DD9529722DAE189 /* ShareConfirmationView.swift */,
				8A93A16FCFB7610C2A4F09D4 /* ShareURLExtractor.swift */,
				72AE00384EB09CFD40366417 /* ShareViewController.swift */,
			);
			path = LadleShare;
			sourceTree = "<group>";
		};
		C785830BA90FF06D98550174 /* Ladle */ = {
			isa = PBXGroup;
			children = (
				51F7BED990A63A44D87A4E36 /* Account */,
				C211D04B23F90F493F5777D1 /* App */,
				8BCD0A68F8A85D73EF2DFBB4 /* Cooking */,
				25404B5350B279BF6BDA063D /* Data */,
				EB2FE3CD69344F022F0C8E92 /* Design */,
				CE8257C37B6632B59B855BB9 /* Edit */,
				3D23DFC81B7B518C8D65D8EC /* Health */,
				CDD484CA58ED09D75461BAD2 /* Import */,
				4D9F49900E72E3A446772D85 /* Library */,
				BE74E9F234FB183FF0B4198C /* Notifications */,
				5B2B06AAF3633268B84B87A2 /* Nutrition */,
				8248FD11845C42D0CB221384 /* RecipeDetail */,
				D89596E706D42E7F9142E5E4 /* Remote */,
				1CE38A2688439F4AC371D098 /* Resources */,
				3870EB79C0F31C1259B9B9B4 /* Sync */,
			);
			path = Ladle;
			sourceTree = "<group>";
		};
		CDD484CA58ED09D75461BAD2 /* Import */ = {
			isa = PBXGroup;
			children = (
				BE36346682BDD2B5E7976D13 /* AddRecipeSheet.swift */,
				D7B73A4D628A16E2ED7ADBB5 /* CorrectionNotesView.swift */,
				D5811E544D3F145804508A12 /* DemoImportService.swift */,
				E773EEC85D6B10B47798F46E /* FailedImportSheet.swift */,
				FCE40C1144201ECA9A36E8BC /* ImportCoordinator.swift */,
				F165E4B6E30D83BFDFE33A13 /* ImportRecoveryActions.swift */,
				BC911C7C9A9D3FDBABF02BB9 /* ImportService.swift */,
				D4507355A7CFAE19690B7D70 /* RemoteImportService.swift */,
				46580B3879F912E78BF1629C /* SharedQueueReconciler.swift */,
			);
			path = Import;
			sourceTree = "<group>";
		};
		CE8257C37B6632B59B855BB9 /* Edit */ = {
			isa = PBXGroup;
			children = (
				810506FC4F93017B923482AD /* RecipeDraft.swift */,
				BE210DBCF0B5E6E0CEF88ED8 /* RecipeEditorView.swift */,
				9EA2657D0BA391951AC9AB8A /* RecipeEditorViewModel.swift */,
				F7CCBA4794A638FF56EBDD1A /* ReimportSheet.swift */,
			);
			path = Edit;
			sourceTree = "<group>";
		};
		D89596E706D42E7F9142E5E4 /* Remote */ = {
			isa = PBXGroup;
			children = (
				0CFAA18EE2255DC832AF47E2 /* APIClient.swift */,
				AFEF6337E3010401783B92DC /* APIError.swift */,
				FD556EA28CCDB3071B569D0C /* RecipeArtworkView.swift */,
				C2364871665B549A371E8011 /* RemoteImageCache.swift */,
			);
			path = Remote;
			sourceTree = "<group>";
		};
		DF887E67522E51849E46A63C /* Support */ = {
			isa = PBXGroup;
			children = (
				65FAD8FFBD627A1E6F1824E0 /* URLProtocolStub.swift */,
			);
			path = Support;
			sourceTree = "<group>";
		};
		EB2FE3CD69344F022F0C8E92 /* Design */ = {
			isa = PBXGroup;
			children = (
				348D89D4BA7119269FD4F3BC /* LadleComponents.swift */,
				07E8E61AD25B02CFF497294C /* LadleTheme.swift */,
				2D060807D3AFDD5F858FA2FD /* LadleTypography.swift */,
				7B2EA3F560B531E7D745E2BC /* RecipePresentation.swift */,
			);
			path = Design;
			sourceTree = "<group>";
		};
/* End PBXGroup section */

/* Begin PBXNativeTarget section */
		0695185D5604E61881FD6C0E /* LadleTests */ = {
			isa = PBXNativeTarget;
			buildConfigurationList = C42154250A91F15E45307F76 /* Build configuration list for PBXNativeTarget "LadleTests" */;
			buildPhases = (
				F540FD6B4CF235328CEF3A44 /* Sources */,
			);
			buildRules = (
			);
			dependencies = (
				CCAC5CBB6041C904808CBC55 /* PBXTargetDependency */,
			);
			name = LadleTests;
			packageProductDependencies = (
			);
			productName = LadleTests;
			productReference = AB7758A009F552E1ADAB5A3B /* LadleTests.xctest */;
			productType = "com.apple.product-type.bundle.unit-test";
		};
		0E7C3C938012F05938CD3962 /* LadleShare */ = {
			isa = PBXNativeTarget;
			buildConfigurationList = 9A2D3C5145C5C71368728BD3 /* Build configuration list for PBXNativeTarget "LadleShare" */;
			buildPhases = (
				52A8B58305158239F7DE9DAD /* Sources */,
				71FAA17B71B746FDF569A03D /* Frameworks */,
			);
			buildRules = (
			);
			dependencies = (
			);
			name = LadleShare;
			packageProductDependencies = (
				5B405345B796769819500445 /* LadleCore */,
			);
			productName = LadleShare;
			productReference = D975A502CE6CABFF17DE770D /* LadleShare.appex */;
			productType = "com.apple.product-type.app-extension";
		};
		475AAE76462CFCD6F9D7D183 /* LadleUITests */ = {
			isa = PBXNativeTarget;
			buildConfigurationList = F30AB32E272920E9C0A3B2B5 /* Build configuration list for PBXNativeTarget "LadleUITests" */;
			buildPhases = (
				073B09EFF771252A8419C4A3 /* Sources */,
			);
			buildRules = (
			);
			dependencies = (
				D6CDB72C6DB1CD945D60D61C /* PBXTargetDependency */,
			);
			name = LadleUITests;
			packageProductDependencies = (
			);
			productName = LadleUITests;
			productReference = 92186EA22A7478D595EF7866 /* LadleUITests.xctest */;
			productType = "com.apple.product-type.bundle.ui-testing";
		};
		513B30DBEF18968525BDCBA9 /* Ladle */ = {
			isa = PBXNativeTarget;
			buildConfigurationList = 3D06870932410678ECED6837 /* Build configuration list for PBXNativeTarget "Ladle" */;
			buildPhases = (
				0BDBCB9343FDC25FEC0E2E67 /* Sources */,
				117ED315C3B5FBDFF644F584 /* Resources */,
				9CCD385D0B48C21565701A0F /* Frameworks */,
				1998F7DF7BDA6E61A99CF18B /* Embed Foundation Extensions */,
			);
			buildRules = (
			);
			dependencies = (
				555E56A0BE71927B82AF0AB5 /* PBXTargetDependency */,
			);
			name = Ladle;
			packageProductDependencies = (
				00B54009DDBCAF77FABA1A87 /* GoogleSignIn */,
				ACB5208FC83F92BD0A208E0F /* LadleCore */,
			);
			productName = Ladle;
			productReference = 8685543E83A66097689438A5 /* Ladle.app */;
			productType = "com.apple.product-type.application";
		};
/* End PBXNativeTarget section */

/* Begin PBXProject section */
		7EEAF269B9CE72409582E1B0 /* Project object */ = {
			isa = PBXProject;
			attributes = {
				BuildIndependentTargetsInParallel = YES;
				LastUpgradeCheck = 1430;
				TargetAttributes = {
					475AAE76462CFCD6F9D7D183 = {
						TestTargetID = 513B30DBEF18968525BDCBA9;
					};
				};
			};
			buildConfigurationList = CF6488C83A91CB09240F2084 /* Build configuration list for PBXProject "Ladle" */;
			developmentRegion = en;
			hasScannedForEncodings = 0;
			knownRegions = (
				Base,
				en,
			);
			mainGroup = 2F09FCC29A55E22EC56467F2;
			minimizedProjectReferenceProxies = 1;
			packageReferences = (
				0979D950DC07D3824743A5A9 /* XCRemoteSwiftPackageReference "GoogleSignIn-iOS" */,
				AD211C2C5E40DE641D72694A /* XCLocalSwiftPackageReference "Packages/LadleCore" */,
			);
			preferredProjectObjectVersion = 77;
			productRefGroup = 42BCDF39316A0AD46ACABDE8 /* Products */;
			projectDirPath = "";
			projectRoot = "";
			targets = (
				513B30DBEF18968525BDCBA9 /* Ladle */,
				0E7C3C938012F05938CD3962 /* LadleShare */,
				0695185D5604E61881FD6C0E /* LadleTests */,
				475AAE76462CFCD6F9D7D183 /* LadleUITests */,
			);
		};
/* End PBXProject section */

/* Begin PBXResourcesBuildPhase section */
		117ED315C3B5FBDFF644F584 /* Resources */ = {
			isa = PBXResourcesBuildPhase;
			buildActionMask = 2147483647;
			files = (
				FBE657A54D9B4A76364BC5C3 /* Assets.xcassets in Resources */,
				72DB888843AD8B0F3C06AA55 /* PrivacyInfo.xcprivacy in Resources */,
			);
			runOnlyForDeploymentPostprocessing = 0;
		};
/* End PBXResourcesBuildPhase section */

/* Begin PBXSourcesBuildPhase section */
		073B09EFF771252A8419C4A3 /* Sources */ = {
			isa = PBXSourcesBuildPhase;
			buildActionMask = 2147483647;
			files = (
				A3004E842356C83EA7DF2B55 /* AccessibilityTests.swift in Sources */,
				A9C4F3E83EE9E5BE40192A8B /* CookingModeTests.swift in Sources */,
				FDAFE6EC28BDDF9E3562C7A2 /* EditAndReimportTests.swift in Sources */,
				5B6DEFBDF7B2FA4D8B98B626 /* HealthExportTests.swift in Sources */,
				7EA3D0A7DC5399B4FC05FF29 /* ImportFlowTests.swift in Sources */,
				15B305735D008537A73E9BE2 /* LadleLaunchTests.swift in Sources */,
				80742EE04B24D056BCA03971 /* LibraryFlowTests.swift in Sources */,
				3904F50A59BF742CAE9D1014 /* RecipeDetailTests.swift in Sources */,
			);
			runOnlyForDeploymentPostprocessing = 0;
		};
		0BDBCB9343FDC25FEC0E2E67 /* Sources */ = {
			isa = PBXSourcesBuildPhase;
			buildActionMask = 2147483647;
			files = (
				9623A5A3F2476BF1D217B6C1 /* APIClient.swift in Sources */,
				7F7F801ED46BB5D88AB81AA1 /* APIError.swift in Sources */,
				69743766694999A4F7022D3F /* AccountSession.swift in Sources */,
				E25710AC24E77B43AD6B6631 /* AccountSheet.swift in Sources */,
				FED8F6252BF9482B0F17209C /* AddRecipeSheet.swift in Sources */,
				DFC659D823A4B7AA5BFD3E4E /* AllRecipesView.swift in Sources */,
				B8666103939A1C937D3007CF /* AppAttestClient.swift in Sources */,
				93A83D9AD673751E50FE0D16 /* AppEnvironment.swift in Sources */,
				9E6908D535A27DA7429230D5 /* AuthClient.swift in Sources */,
				04F10BBF44F7962FD24A6ADD /* CookingViewModel.swift in Sources */,
				8779DD58D535D2F86D02A7CB /* CorrectionNotesView.swift in Sources */,
				51C94E20F9D10C5C3A6EC671 /* DemoImportService.swift in Sources */,
				0088C19DE085223382B93D22 /* FailedImportSheet.swift in Sources */,
				EA39C0028F88E65EE07DDC79 /* FilterSheet.swift in Sources */,
				A8723B3DB23725605D7D4B61 /* FocusModeView.swift in Sources */,
				686D83B6FD0217AC67627063 /* FullRecipeView.swift in Sources */,
				E24708BEE9F21F71093AF92D /* GoogleSignInProvider.swift in Sources */,
				1028AD29B58A5FD4AE029900 /* GuestLimitView.swift in Sources */,
				19817C767CFBCAA88DFC31C5 /* HealthExportSheet.swift in Sources */,
				C32F195CAF0A21AC0E5F82CD /* HealthExportViewModel.swift in Sources */,
				576B0A57DEFAF69091D82D8C /* HealthKitService.swift in Sources */,
				6004155F8B4E42FACDDED7E5 /* HealthService.swift in Sources */,
				B8C07A83B04420D104948A91 /* ImportCoordinator.swift in Sources */,
				63AD334E56D71D43FB7A1EC6 /* ImportInboxView.swift in Sources */,
				E2BE83969345FF4BDBE3CA69 /* ImportRecoveryActions.swift in Sources */,
				AE645C3991B22C20AF387561 /* ImportService.swift in Sources */,
				EF0148FC094665EF210ACCB5 /* IngredientList.swift in Sources */,
				DBE9510215C9C2051919310F /* KeychainTokenStore.swift in Sources */,
				93CF9021D2F49A9F1263B0FC /* LadleApp.swift in Sources */,
				E5ADC1288191201E540C48A7 /* LadleComponents.swift in Sources */,
				84D797D5B8CB86A7C4C53756 /* LadleTheme.swift in Sources */,
				5C05C3DF388966D02FA7F11F /* LadleTypography.swift in Sources */,
				F92893A3AE70A6AD99151B3D /* LibraryChrome.swift in Sources */,
				07837976312AE1544048FF60 /* LibraryHomeView.swift in Sources */,
				35D388FB472AA7D3A7EE2DE5 /* LibrarySearchView.swift in Sources */,
				111AB9F91CF8DA219B560D2A /* LibraryView.swift in Sources */,
				E5D62027E211EFC50B38F37C /* LibraryViewModel.swift in Sources */,
				910528C2827351A23281CE62 /* MethodList.swift in Sources */,
				60F294395D35AC79B907E3B0 /* NotificationService.swift in Sources */,
				ADFA32D4AFDD16210863F59F /* NutritionView.swift in Sources */,
				3D212F33DC8232C5C1A8FAA7 /* OnboardingWalkthroughView.swift in Sources */,
				3B24B8FC354FB569DA827D92 /* PendingImportCard.swift in Sources */,
				5AB882C9AB6EB4BF73B1F7DC /* PreviewFixtures.swift in Sources */,
				24197E5B542EB0789077028F /* PrivacyDetailView.swift in Sources */,
				5368CFB524D69182278FAED5 /* RecipeArtworkView.swift in Sources */,
				CCDAC2330A4A8A54849C8D02 /* RecipeDetailView.swift in Sources */,
				E9A5AB80751C1695EB9A83A9 /* RecipeDraft.swift in Sources */,
				02B81E38806DC747131FD239 /* RecipeEditorView.swift in Sources */,
				3EAD52B961E44399FA89F41E /* RecipeEditorViewModel.swift in Sources */,
				8D177239F1A086FA834C85C6 /* RecipeGridCard.swift in Sources */,
				C6A344C082E1B3B06F007BDC /* RecipeListRow.swift in Sources */,
				E86042D71EA8C713F03F2B53 /* RecipeMetadataBand.swift in Sources */,
				9EA61B78797A9FB6B166408C /* RecipeOptionsSheet.swift in Sources */,
				7B03E111FA24728DE96CDE04 /* RecipePresentation.swift in Sources */,
				B6F2C50D9C1E3327A6A59F33 /* RecipeRepository.swift in Sources */,
				0C08C50CC1819995B222FA03 /* RecipeSyncService.swift in Sources */,
				7903D591A395E0DD678CC58F /* RecipeTimer.swift in Sources */,
				8CE56A2E89D1E151C1AA6B84 /* ReimportSheet.swift in Sources */,
				BCE8D4284DDADFE5A4E61200 /* RemoteImageCache.swift in Sources */,
				2AA5078390DE33D02030335E /* RemoteImportService.swift in Sources */,
				7735E4254A1CC43579B1C7AD /* RootView.swift in Sources */,
				4CE3214444DC464505688E43 /* ScreenAwakeController.swift in Sources */,
				75E34BC4C3ECC1FF8580FBDB /* SharedQueueReconciler.swift in Sources */,
				87248E2F1716A999204DEB21 /* StoredImportJob.swift in Sources */,
				292CA6391C0A45751E5542C2 /* StoredRecipe.swift in Sources */,
				0DC711210058792227742BE8 /* SwiftDataRecipeRepository.swift in Sources */,
				69F3BF71002411F36B049F9F /* SyncCursorStore.swift in Sources */,
				D2AE2661212614060C337885 /* UserNotificationService.swift in Sources */,
				714A88DB30214D7AD579E338 /* VideoEmbedSheet.swift in Sources */,
				CDEDA9C0CB7E9BBDDBCF08F9 /* WatchView.swift in Sources */,
				3BABF27DB63F60124D14F426 /* WelcomeView.swift in Sources */,
			);
			runOnlyForDeploymentPostprocessing = 0;
		};
		52A8B58305158239F7DE9DAD /* Sources */ = {
			isa = PBXSourcesBuildPhase;
			buildActionMask = 2147483647;
			files = (
				248BCFB9AB72089B7292B552 /* ShareConfirmationView.swift in Sources */,
				202BABB63D7F671836CD4F1A /* ShareURLExtractor.swift in Sources */,
				AE4B668CBE0E318875AF01EA /* ShareViewController.swift in Sources */,
			);
			runOnlyForDeploymentPostprocessing = 0;
		};
		F540FD6B4CF235328CEF3A44 /* Sources */ = {
			isa = PBXSourcesBuildPhase;
			buildActionMask = 2147483647;
			files = (
				224F559012E7DF26C228AF43 /* APIClientTests.swift in Sources */,
				9C16EF897125A7B0B4CBF604 /* AccountSessionTests.swift in Sources */,
				8E8D469AEBAD18304870D64B /* AppAttestClientTests.swift in Sources */,
				4CE9B8C981FF6E36E6152685 /* AuthClientTests.swift in Sources */,
				582D38A667F6429C2DAD53C9 /* CookingViewModelTests.swift in Sources */,
				39BB9D3C3EC14FFDCE622491 /* DemoImportServiceTests.swift in Sources */,
				D7103457BFF15D8530BDA4B2 /* DesignTokenTests.swift in Sources */,
				A4AB27B7287BE0F0CFD3B690 /* HealthExportViewModelTests.swift in Sources */,
				9AE69ACA22E7BEE2CE2D625C /* ImportCoordinatorTests.swift in Sources */,
				94CBE2FD5CDC33A263424029 /* LibraryViewModelTests.swift in Sources */,
				2AED269B9C6BFDDBB4DFE5B9 /* NotificationServiceTests.swift in Sources */,
				D78BB07879939E3FC2D9E071 /* ProjectSmokeTests.swift in Sources */,
				FA4BA8A760D9DDCB30729AB7 /* RecipeEditorViewModelTests.swift in Sources */,
				5042FC333DCDB3F45C5DFEC3 /* RecipeSyncServiceTests.swift in Sources */,
				1D7AE199157D84F1562E6C95 /* ReimportSafetyTests.swift in Sources */,
				BD4975AF606D7BFA55B03340 /* RemoteImageCacheTests.swift in Sources */,
				D06DB754A8B3119973B909FF /* RemoteImportServiceTests.swift in Sources */,
				0F02DA28CAC8E4E68CC83B07 /* ShareConfirmationView.swift in Sources */,
				0C9B0253845FDF91196C8DC3 /* ShareConfirmationViewTests.swift in Sources */,
				13A8E77CA71DE564C79A291E /* ShareURLExtractor.swift in Sources */,
				48D0EBCF569C98CD7A92CD0E /* ShareURLExtractorTests.swift in Sources */,
				DA89A97C3E062E6E81CA8E40 /* SharedQueueReconcilerTests.swift in Sources */,
				C82C0B6359C8D10E2983CC1B /* SwiftDataRecipeRepositoryTests.swift in Sources */,
				8969E7AE92F6AAC232E3E2A8 /* URLProtocolStub.swift in Sources */,
			);
			runOnlyForDeploymentPostprocessing = 0;
		};
/* End PBXSourcesBuildPhase section */

/* Begin PBXTargetDependency section */
		555E56A0BE71927B82AF0AB5 /* PBXTargetDependency */ = {
			isa = PBXTargetDependency;
			target = 0E7C3C938012F05938CD3962 /* LadleShare */;
			targetProxy = FCEAE2CEE7991915A9439CAB /* PBXContainerItemProxy */;
		};
		CCAC5CBB6041C904808CBC55 /* PBXTargetDependency */ = {
			isa = PBXTargetDependency;
			target = 513B30DBEF18968525BDCBA9 /* Ladle */;
			targetProxy = 4EADD8258403DFFD0F6A8364 /* PBXContainerItemProxy */;
		};
		D6CDB72C6DB1CD945D60D61C /* PBXTargetDependency */ = {
			isa = PBXTargetDependency;
			target = 513B30DBEF18968525BDCBA9 /* Ladle */;
			targetProxy = 1A54CC8D6F606992E80768BE /* PBXContainerItemProxy */;
		};
/* End PBXTargetDependency section */

/* Begin XCBuildConfiguration section */
		17295DB521E6D17BC7C619EB /* Release */ = {
			isa = XCBuildConfiguration;
			baseConfigurationReference = 9929B977DD4E3EE7174775A6 /* Release.xcconfig */;
			buildSettings = {
				ASSETCATALOG_COMPILER_APPICON_NAME = AppIcon;
				ASSETCATALOG_COMPILER_GLOBAL_ACCENT_COLOR_NAME = AccentColor;
				CODE_SIGN_ENTITLEMENTS = Config/Ladle.entitlements;
				CODE_SIGN_IDENTITY = "iPhone Developer";
				INFOPLIST_FILE = "Config/Ladle-Info.plist";
				LD_RUNPATH_SEARCH_PATHS = (
					"$(inherited)",
					"@executable_path/Frameworks",
				);
				PRODUCT_BUNDLE_IDENTIFIER = com.ladle.ios;
				PRODUCT_NAME = Ladle;
				SDKROOT = iphoneos;
				TARGETED_DEVICE_FAMILY = 1;
			};
			name = Release;
		};
		5AB76AE9D5F008AED3F1E772 /* Debug */ = {
			isa = XCBuildConfiguration;
			buildSettings = {
				ALWAYS_SEARCH_USER_PATHS = NO;
				CLANG_ANALYZER_NONNULL = YES;
				CLANG_ANALYZER_NUMBER_OBJECT_CONVERSION = YES_AGGRESSIVE;
				CLANG_CXX_LANGUAGE_STANDARD = "gnu++14";
				CLANG_CXX_LIBRARY = "libc++";
				CLANG_ENABLE_MODULES = YES;
				CLANG_ENABLE_OBJC_ARC = YES;
				CLANG_ENABLE_OBJC_WEAK = YES;
				CLANG_WARN_BLOCK_CAPTURE_AUTORELEASING = YES;
				CLANG_WARN_BOOL_CONVERSION = YES;
				CLANG_WARN_COMMA = YES;
				CLANG_WARN_CONSTANT_CONVERSION = YES;
				CLANG_WARN_DEPRECATED_OBJC_IMPLEMENTATIONS = YES;
				CLANG_WARN_DIRECT_OBJC_ISA_USAGE = YES_ERROR;
				CLANG_WARN_DOCUMENTATION_COMMENTS = YES;
				CLANG_WARN_EMPTY_BODY = YES;
				CLANG_WARN_ENUM_CONVERSION = YES;
				CLANG_WARN_INFINITE_RECURSION = YES;
				CLANG_WARN_INT_CONVERSION = YES;
				CLANG_WARN_NON_LITERAL_NULL_CONVERSION = YES;
				CLANG_WARN_OBJC_IMPLICIT_RETAIN_SELF = YES;
				CLANG_WARN_OBJC_LITERAL_CONVERSION = YES;
				CLANG_WARN_OBJC_ROOT_CLASS = YES_ERROR;
				CLANG_WARN_QUOTED_INCLUDE_IN_FRAMEWORK_HEADER = YES;
				CLANG_WARN_RANGE_LOOP_ANALYSIS = YES;
				CLANG_WARN_STRICT_PROTOTYPES = YES;
				CLANG_WARN_SUSPICIOUS_MOVE = YES;
				CLANG_WARN_UNGUARDED_AVAILABILITY = YES_AGGRESSIVE;
				CLANG_WARN_UNREACHABLE_CODE = YES;
				CLANG_WARN__DUPLICATE_METHOD_MATCH = YES;
				COPY_PHASE_STRIP = NO;
				CURRENT_PROJECT_VERSION = 20260726.2;
				DEBUG_INFORMATION_FORMAT = dwarf;
				ENABLE_STRICT_OBJC_MSGSEND = YES;
				ENABLE_TESTABILITY = YES;
				ENABLE_USER_SCRIPT_SANDBOXING = YES;
				GCC_C_LANGUAGE_STANDARD = gnu11;
				GCC_DYNAMIC_NO_PIC = NO;
				GCC_NO_COMMON_BLOCKS = YES;
				GCC_OPTIMIZATION_LEVEL = 0;
				GCC_PREPROCESSOR_DEFINITIONS = (
					"$(inherited)",
					"DEBUG=1",
				);
				GCC_WARN_64_TO_32_BIT_CONVERSION = YES;
				GCC_WARN_ABOUT_RETURN_TYPE = YES_ERROR;
				GCC_WARN_UNDECLARED_SELECTOR = YES;
				GCC_WARN_UNINITIALIZED_AUTOS = YES_AGGRESSIVE;
				GCC_WARN_UNUSED_FUNCTION = YES;
				GCC_WARN_UNUSED_VARIABLE = YES;
				IPHONEOS_DEPLOYMENT_TARGET = 26.5;
				MARKETING_VERSION = 1.0;
				MTL_ENABLE_DEBUG_INFO = INCLUDE_SOURCE;
				MTL_FAST_MATH = YES;
				ONLY_ACTIVE_ARCH = YES;
				PRODUCT_NAME = "$(TARGET_NAME)";
				SDKROOT = iphoneos;
				SWIFT_ACTIVE_COMPILATION_CONDITIONS = DEBUG;
				SWIFT_OPTIMIZATION_LEVEL = "-Onone";
				SWIFT_STRICT_CONCURRENCY = complete;
				SWIFT_VERSION = 6.0;
			};
			name = Debug;
		};
		7EE341668699E1635F94FB49 /* Debug */ = {
			isa = XCBuildConfiguration;
			buildSettings = {
				BUNDLE_LOADER = "$(TEST_HOST)";
				GENERATE_INFOPLIST_FILE = YES;
				LD_RUNPATH_SEARCH_PATHS = (
					"$(inherited)",
					"@executable_path/Frameworks",
					"@loader_path/Frameworks",
				);
				PRODUCT_BUNDLE_IDENTIFIER = com.ladle.ios.uitests;
				SDKROOT = iphoneos;
				TARGETED_DEVICE_FAMILY = "1,2";
				TEST_TARGET_NAME = Ladle;
			};
			name = Debug;
		};
		8B5B8EA7FBCC04EB5931964B /* Debug */ = {
			isa = XCBuildConfiguration;
			buildSettings = {
				CODE_SIGN_ENTITLEMENTS = Config/LadleShare.entitlements;
				INFOPLIST_FILE = "Config/LadleShare-Info.plist";
				LD_RUNPATH_SEARCH_PATHS = (
					"$(inherited)",
					"@executable_path/Frameworks",
					"@executable_path/../../Frameworks",
				);
				PRODUCT_BUNDLE_IDENTIFIER = com.ladle.ios.share;
				PRODUCT_NAME = LadleShare;
				SDKROOT = iphoneos;
				TARGETED_DEVICE_FAMILY = 1;
			};
			name = Debug;
		};
		8C3BB8A2FA22826CF51C0FFA /* Debug */ = {
			isa = XCBuildConfiguration;
			buildSettings = {
				BUNDLE_LOADER = "$(TEST_HOST)";
				GENERATE_INFOPLIST_FILE = YES;
				LD_RUNPATH_SEARCH_PATHS = (
					"$(inherited)",
					"@executable_path/Frameworks",
					"@loader_path/Frameworks",
				);
				PRODUCT_BUNDLE_IDENTIFIER = com.ladle.ios.tests;
				SDKROOT = iphoneos;
				TARGETED_DEVICE_FAMILY = "1,2";
				TEST_HOST = "$(BUILT_PRODUCTS_DIR)/Ladle.app/Ladle";
			};
			name = Debug;
		};
		9432038AE773E73BEC9EDE39 /* Release */ = {
			isa = XCBuildConfiguration;
			buildSettings = {
				ALWAYS_SEARCH_USER_PATHS = NO;
				CLANG_ANALYZER_NONNULL = YES;
				CLANG_ANALYZER_NUMBER_OBJECT_CONVERSION = YES_AGGRESSIVE;
				CLANG_CXX_LANGUAGE_STANDARD = "gnu++14";
				CLANG_CXX_LIBRARY = "libc++";
				CLANG_ENABLE_MODULES = YES;
				CLANG_ENABLE_OBJC_ARC = YES;
				CLANG_ENABLE_OBJC_WEAK = YES;
				CLANG_WARN_BLOCK_CAPTURE_AUTORELEASING = YES;
				CLANG_WARN_BOOL_CONVERSION = YES;
				CLANG_WARN_COMMA = YES;
				CLANG_WARN_CONSTANT_CONVERSION = YES;
				CLANG_WARN_DEPRECATED_OBJC_IMPLEMENTATIONS = YES;
				CLANG_WARN_DIRECT_OBJC_ISA_USAGE = YES_ERROR;
				CLANG_WARN_DOCUMENTATION_COMMENTS = YES;
				CLANG_WARN_EMPTY_BODY = YES;
				CLANG_WARN_ENUM_CONVERSION = YES;
				CLANG_WARN_INFINITE_RECURSION = YES;
				CLANG_WARN_INT_CONVERSION = YES;
				CLANG_WARN_NON_LITERAL_NULL_CONVERSION = YES;
				CLANG_WARN_OBJC_IMPLICIT_RETAIN_SELF = YES;
				CLANG_WARN_OBJC_LITERAL_CONVERSION = YES;
				CLANG_WARN_OBJC_ROOT_CLASS = YES_ERROR;
				CLANG_WARN_QUOTED_INCLUDE_IN_FRAMEWORK_HEADER = YES;
				CLANG_WARN_RANGE_LOOP_ANALYSIS = YES;
				CLANG_WARN_STRICT_PROTOTYPES = YES;
				CLANG_WARN_SUSPICIOUS_MOVE = YES;
				CLANG_WARN_UNGUARDED_AVAILABILITY = YES_AGGRESSIVE;
				CLANG_WARN_UNREACHABLE_CODE = YES;
				CLANG_WARN__DUPLICATE_METHOD_MATCH = YES;
				COPY_PHASE_STRIP = NO;
				CURRENT_PROJECT_VERSION = 20260726.2;
				DEBUG_INFORMATION_FORMAT = "dwarf-with-dsym";
				ENABLE_NS_ASSERTIONS = NO;
				ENABLE_STRICT_OBJC_MSGSEND = YES;
				ENABLE_USER_SCRIPT_SANDBOXING = YES;
				GCC_C_LANGUAGE_STANDARD = gnu11;
				GCC_NO_COMMON_BLOCKS = YES;
				GCC_WARN_64_TO_32_BIT_CONVERSION = YES;
				GCC_WARN_ABOUT_RETURN_TYPE = YES_ERROR;
				GCC_WARN_UNDECLARED_SELECTOR = YES;
				GCC_WARN_UNINITIALIZED_AUTOS = YES_AGGRESSIVE;
				GCC_WARN_UNUSED_FUNCTION = YES;
				GCC_WARN_UNUSED_VARIABLE = YES;
				IPHONEOS_DEPLOYMENT_TARGET = 26.5;
				MARKETING_VERSION = 1.0;
				MTL_ENABLE_DEBUG_INFO = NO;
				MTL_FAST_MATH = YES;
				PRODUCT_NAME = "$(TARGET_NAME)";
				SDKROOT = iphoneos;
				SWIFT_COMPILATION_MODE = wholemodule;
				SWIFT_OPTIMIZATION_LEVEL = "-O";
				SWIFT_STRICT_CONCURRENCY = complete;
				SWIFT_VERSION = 6.0;
			};
			name = Release;
		};
		AFAF32EC9B9DF9C8BB6DF6E5 /* Release */ = {
			isa = XCBuildConfiguration;
			buildSettings = {
				BUNDLE_LOADER = "$(TEST_HOST)";
				GENERATE_INFOPLIST_FILE = YES;
				LD_RUNPATH_SEARCH_PATHS = (
					"$(inherited)",
					"@executable_path/Frameworks",
					"@loader_path/Frameworks",
				);
				PRODUCT_BUNDLE_IDENTIFIER = com.ladle.ios.tests;
				SDKROOT = iphoneos;
				TARGETED_DEVICE_FAMILY = "1,2";
				TEST_HOST = "$(BUILT_PRODUCTS_DIR)/Ladle.app/Ladle";
			};
			name = Release;
		};
		CABE07F77F403C4E18ED2A52 /* Release */ = {
			isa = XCBuildConfiguration;
			buildSettings = {
				BUNDLE_LOADER = "$(TEST_HOST)";
				GENERATE_INFOPLIST_FILE = YES;
				LD_RUNPATH_SEARCH_PATHS = (
					"$(inherited)",
					"@executable_path/Frameworks",
					"@loader_path/Frameworks",
				);
				PRODUCT_BUNDLE_IDENTIFIER = com.ladle.ios.uitests;
				SDKROOT = iphoneos;
				TARGETED_DEVICE_FAMILY = "1,2";
				TEST_TARGET_NAME = Ladle;
			};
			name = Release;
		};
		D0DE4373B594866A124815DB /* Release */ = {
			isa = XCBuildConfiguration;
			buildSettings = {
				CODE_SIGN_ENTITLEMENTS = Config/LadleShare.entitlements;
				INFOPLIST_FILE = "Config/LadleShare-Info.plist";
				LD_RUNPATH_SEARCH_PATHS = (
					"$(inherited)",
					"@executable_path/Frameworks",
					"@executable_path/../../Frameworks",
				);
				PRODUCT_BUNDLE_IDENTIFIER = com.ladle.ios.share;
				PRODUCT_NAME = LadleShare;
				SDKROOT = iphoneos;
				TARGETED_DEVICE_FAMILY = 1;
			};
			name = Release;
		};
		EFE1F3B017F6281AD5FD9A6D /* Debug */ = {
			isa = XCBuildConfiguration;
			baseConfigurationReference = 89DD2D1BF2804CED5D137279 /* Debug.xcconfig */;
			buildSettings = {
				ASSETCATALOG_COMPILER_APPICON_NAME = AppIcon;
				ASSETCATALOG_COMPILER_GLOBAL_ACCENT_COLOR_NAME = AccentColor;
				CODE_SIGN_ENTITLEMENTS = Config/Ladle.entitlements;
				CODE_SIGN_IDENTITY = "iPhone Developer";
				INFOPLIST_FILE = "Config/Ladle-Info.plist";
				LD_RUNPATH_SEARCH_PATHS = (
					"$(inherited)",
					"@executable_path/Frameworks",
				);
				PRODUCT_BUNDLE_IDENTIFIER = com.ladle.ios;
				PRODUCT_NAME = Ladle;
				SDKROOT = iphoneos;
				TARGETED_DEVICE_FAMILY = 1;
			};
			name = Debug;
		};
/* End XCBuildConfiguration section */

/* Begin XCConfigurationList section */
		3D06870932410678ECED6837 /* Build configuration list for PBXNativeTarget "Ladle" */ = {
			isa = XCConfigurationList;
			buildConfigurations = (
				EFE1F3B017F6281AD5FD9A6D /* Debug */,
				17295DB521E6D17BC7C619EB /* Release */,
			);
			defaultConfigurationIsVisible = 0;
			defaultConfigurationName = Debug;
		};
		9A2D3C5145C5C71368728BD3 /* Build configuration list for PBXNativeTarget "LadleShare" */ = {
			isa = XCConfigurationList;
			buildConfigurations = (
				8B5B8EA7FBCC04EB5931964B /* Debug */,
				D0DE4373B594866A124815DB /* Release */,
			);
			defaultConfigurationIsVisible = 0;
			defaultConfigurationName = Debug;
		};
		C42154250A91F15E45307F76 /* Build configuration list for PBXNativeTarget "LadleTests" */ = {
			isa = XCConfigurationList;
			buildConfigurations = (
				8C3BB8A2FA22826CF51C0FFA /* Debug */,
				AFAF32EC9B9DF9C8BB6DF6E5 /* Release */,
			);
			defaultConfigurationIsVisible = 0;
			defaultConfigurationName = Debug;
		};
		CF6488C83A91CB09240F2084 /* Build configuration list for PBXProject "Ladle" */ = {
			isa = XCConfigurationList;
			buildConfigurations = (
				5AB76AE9D5F008AED3F1E772 /* Debug */,
				9432038AE773E73BEC9EDE39 /* Release */,
			);
			defaultConfigurationIsVisible = 0;
			defaultConfigurationName = Debug;
		};
		F30AB32E272920E9C0A3B2B5 /* Build configuration list for PBXNativeTarget "LadleUITests" */ = {
			isa = XCConfigurationList;
			buildConfigurations = (
				7EE341668699E1635F94FB49 /* Debug */,
				CABE07F77F403C4E18ED2A52 /* Release */,
			);
			defaultConfigurationIsVisible = 0;
			defaultConfigurationName = Debug;
		};
/* End XCConfigurationList section */

/* Begin XCLocalSwiftPackageReference section */
		AD211C2C5E40DE641D72694A /* XCLocalSwiftPackageReference "Packages/LadleCore" */ = {
			isa = XCLocalSwiftPackageReference;
			relativePath = Packages/LadleCore;
		};
/* End XCLocalSwiftPackageReference section */

/* Begin XCRemoteSwiftPackageReference section */
		0979D950DC07D3824743A5A9 /* XCRemoteSwiftPackageReference "GoogleSignIn-iOS" */ = {
			isa = XCRemoteSwiftPackageReference;
			repositoryURL = "https://github.com/google/GoogleSignIn-iOS";
			requirement = {
				kind = upToNextMajorVersion;
				minimumVersion = 9.0.0;
			};
		};
/* End XCRemoteSwiftPackageReference section */

/* Begin XCSwiftPackageProductDependency section */
		00B54009DDBCAF77FABA1A87 /* GoogleSignIn */ = {
			isa = XCSwiftPackageProductDependency;
			package = 0979D950DC07D3824743A5A9 /* XCRemoteSwiftPackageReference "GoogleSignIn-iOS" */;
			productName = GoogleSignIn;
		};
		5B405345B796769819500445 /* LadleCore */ = {
			isa = XCSwiftPackageProductDependency;
			productName = LadleCore;
		};
		ACB5208FC83F92BD0A208E0F /* LadleCore */ = {
			isa = XCSwiftPackageProductDependency;
			productName = LadleCore;
		};
/* End XCSwiftPackageProductDependency section */
	};
	rootObject = 7EEAF269B9CE72409582E1B0 /* Project object */;
}
